// !$*UTF8*$!
{
	archiveVersion = 1;
	classes = {
	};
	objectVersion = 46;
	objects = {

/* Begin PBXBuildFile section */
		4502F7311F1F4C3A000875D6 /* MultipartUploadStartOperation.swift in Sources */ = {isa = PBXBuildFile; fileRef = 4502F7301F1F4C3A000875D6 /* MultipartUploadStartOperation.swift */; };
		4502F7331F1F4D20000875D6 /* BaseOperation.swift in Sources */ = {isa = PBXBuildFile; fileRef = 4502F7321F1F4D20000875D6 /* BaseOperation.swift */; };
		4502F7371F1F540F000875D6 /* UploadService.swift in Sources */ = {isa = PBXBuildFile; fileRef = 4502F7361F1F540F000875D6 /* UploadService.swift */; };
		45050F4C1F2B49C100B4E3C3 /* Data+Base64MD5Digest.swift in Sources */ = {isa = PBXBuildFile; fileRef = 45050F4B1F2B49C100B4E3C3 /* Data+Base64MD5Digest.swift */; };
		450E433C1F161DE500E46B56 /* TransformShapeType.swift in Sources */ = {isa = PBXBuildFile; fileRef = 450E433B1F161DE500E46B56 /* TransformShapeType.swift */; };
		45107C8C1F4D6ADC00250ABE /* MultipartUpload.swift in Sources */ = {isa = PBXBuildFile; fileRef = 45107C8B1F4D6ADC00250ABE /* MultipartUpload.swift */; };
		45107CA01F4D6B0E00250ABE /* MultipartUploadTests.swift in Sources */ = {isa = PBXBuildFile; fileRef = 45107C9F1F4D6B0E00250ABE /* MultipartUploadTests.swift */; };
		4512EB811FA7655F003A8C38 /* StorageOptions.swift in Sources */ = {isa = PBXBuildFile; fileRef = 4512EB801FA7655F003A8C38 /* StorageOptions.swift */; };
		452055401F4AE87D00A6795D /* FSPolicyCall.h in Headers */ = {isa = PBXBuildFile; fileRef = 4520553F1F4AE7B900A6795D /* FSPolicyCall.h */; settings = {ATTRIBUTES = (Public, ); }; };
		452055421F4B191900A6795D /* RotateTransform.swift in Sources */ = {isa = PBXBuildFile; fileRef = 452055411F4B191900A6795D /* RotateTransform.swift */; };
		4528C7461F2F24FB00A4BEF6 /* MultipartUploadCommitOperation.swift in Sources */ = {isa = PBXBuildFile; fileRef = 4528C7451F2F24FB00A4BEF6 /* MultipartUploadCommitOperation.swift */; };
		452D715B1F17A49D0037E1BB /* TransformPageFormat.swift in Sources */ = {isa = PBXBuildFile; fileRef = 452D715A1F17A49D0037E1BB /* TransformPageFormat.swift */; };
		452D715D1F17A4DB0037E1BB /* TransformPageOrientation.swift in Sources */ = {isa = PBXBuildFile; fileRef = 452D715C1F17A4DB0037E1BB /* TransformPageOrientation.swift */; };
		452D715F1F17A51B0037E1BB /* TransformColorSpace.swift in Sources */ = {isa = PBXBuildFile; fileRef = 452D715E1F17A51B0037E1BB /* TransformColorSpace.swift */; };
		45341A8D1F1E170C00DC7B79 /* URL+mimeType.swift in Sources */ = {isa = PBXBuildFile; fileRef = 45341A8C1F1E170C00DC7B79 /* URL+mimeType.swift */; };
		45341AA01F1E17C400DC7B79 /* URLMimeTypeTests.swift in Sources */ = {isa = PBXBuildFile; fileRef = 45341A9F1F1E17C400DC7B79 /* URLMimeTypeTests.swift */; };
		4548CA491F1CBE58009FDBEF /* NetworkJSONResponse.swift in Sources */ = {isa = PBXBuildFile; fileRef = 4548CA481F1CBE58009FDBEF /* NetworkJSONResponse.swift */; };
		454B22F322B8DD0C00A7A93E /* PDFInfoTransform.swift in Sources */ = {isa = PBXBuildFile; fileRef = 454B22F222B8DD0C00A7A93E /* PDFInfoTransform.swift */; };
		454B22F522B8E3F400A7A93E /* PDFConvertTransform.swift in Sources */ = {isa = PBXBuildFile; fileRef = 454B22F422B8E3F400A7A93E /* PDFConvertTransform.swift */; };
		454B22F722B8F41000A7A93E /* PDFMonochromeTransform.swift in Sources */ = {isa = PBXBuildFile; fileRef = 454B22F622B8F41000A7A93E /* PDFMonochromeTransform.swift */; };
		454CC1AD1F0CD8D5005821AC /* NetworkDownloadResponse.swift in Sources */ = {isa = PBXBuildFile; fileRef = 454CC1AC1F0CD8D5005821AC /* NetworkDownloadResponse.swift */; };
		454CC1C61F0CF932005821AC /* SessionManagerTests.swift in Sources */ = {isa = PBXBuildFile; fileRef = 454CC1C51F0CF932005821AC /* SessionManagerTests.swift */; };
		454CC1C81F0D10D2005821AC /* BundleInfo.swift in Sources */ = {isa = PBXBuildFile; fileRef = 454CC1C71F0D10D2005821AC /* BundleInfo.swift */; };
		454CC1CB1F0D1160005821AC /* SessionManager+filestackDefault.swift in Sources */ = {isa = PBXBuildFile; fileRef = 454CC1CA1F0D1160005821AC /* SessionManager+filestackDefault.swift */; };
		45513FFA1F0E9739006DB972 /* APIService.swift in Sources */ = {isa = PBXBuildFile; fileRef = 45513FF91F0E9739006DB972 /* APIService.swift */; };
		4551400D1F0E97E2006DB972 /* NetworkingService.swift in Sources */ = {isa = PBXBuildFile; fileRef = 4551400C1F0E97E2006DB972 /* NetworkingService.swift */; };
		455266311F1618E1009537D9 /* TransformCropMode.swift in Sources */ = {isa = PBXBuildFile; fileRef = 455266301F1618E1009537D9 /* TransformCropMode.swift */; };
		45690CD222A65FE800285F62 /* Alamofire.framework in Frameworks */ = {isa = PBXBuildFile; fileRef = 45690CCC22A65FC500285F62 /* Alamofire.framework */; };
		45690CD322A65FE800285F62 /* CryptoSwift.framework in Frameworks */ = {isa = PBXBuildFile; fileRef = 45690CB922A65FC500285F62 /* CryptoSwift.framework */; };
		45690CD422A6600400285F62 /* OHHTTPStubs.framework in Frameworks */ = {isa = PBXBuildFile; fileRef = 45690CCD22A65FC500285F62 /* OHHTTPStubs.framework */; };
		456FF4C11F27799D00E9F192 /* MultipartUploadCompleteOperation.swift in Sources */ = {isa = PBXBuildFile; fileRef = 456FF4C01F27799D00E9F192 /* MultipartUploadCompleteOperation.swift */; };
		456FF4C31F2790C800E9F192 /* large.jpg in Resources */ = {isa = PBXBuildFile; fileRef = 456FF4C21F27902500E9F192 /* large.jpg */; };
		4579CD3E1F1764A500DCF37A /* TransformBlurMode.swift in Sources */ = {isa = PBXBuildFile; fileRef = 4579CD3D1F1764A500DCF37A /* TransformBlurMode.swift */; };
		457D5BED1F16146B00FBD5B1 /* TransformPosition.swift in Sources */ = {isa = PBXBuildFile; fileRef = 457D5BEC1F16146B00FBD5B1 /* TransformPosition.swift */; };
		457D5BEF1F16147E00FBD5B1 /* TransformFit.swift in Sources */ = {isa = PBXBuildFile; fileRef = 457D5BEE1F16147E00FBD5B1 /* TransformFit.swift */; };
		457D5BF11F1614A800FBD5B1 /* TransformAlign.swift in Sources */ = {isa = PBXBuildFile; fileRef = 457D5BF01F1614A800FBD5B1 /* TransformAlign.swift */; };
		457D5BF31F1614D400FBD5B1 /* PolicyCall.swift in Sources */ = {isa = PBXBuildFile; fileRef = 457D5BF21F1614D400FBD5B1 /* PolicyCall.swift */; };
		458256151F1E1C860009185C /* URL+size.swift in Sources */ = {isa = PBXBuildFile; fileRef = 458256141F1E1C860009185C /* URL+size.swift */; };
		458256171F1E1D330009185C /* URLSizeTests.swift in Sources */ = {isa = PBXBuildFile; fileRef = 458256161F1E1D330009185C /* URLSizeTests.swift */; };
		4589A45F1F0A3B5500C39405 /* StorageLocation.swift in Sources */ = {isa = PBXBuildFile; fileRef = 4589A45E1F0A3B5500C39405 /* StorageLocation.swift */; };
		4589A4881F0A4B1900C39405 /* Config.swift in Sources */ = {isa = PBXBuildFile; fileRef = 4589A4871F0A4B1900C39405 /* Config.swift */; };
		4589A48A1F0A4DA600C39405 /* FileLink.swift in Sources */ = {isa = PBXBuildFile; fileRef = 4589A4891F0A4DA600C39405 /* FileLink.swift */; };
		4589A48C1F0A4DBC00C39405 /* FileLinkTests.swift in Sources */ = {isa = PBXBuildFile; fileRef = 4589A48B1F0A4DBC00C39405 /* FileLinkTests.swift */; };
		458D66CD1F4B31E4001770FB /* ZipTransform.swift in Sources */ = {isa = PBXBuildFile; fileRef = 458D66CC1F4B31E4001770FB /* ZipTransform.swift */; };
		458D66ED1F4B5020001770FB /* FSTransformPosition.h in Headers */ = {isa = PBXBuildFile; fileRef = 458D66EC1F4B4EC2001770FB /* FSTransformPosition.h */; settings = {ATTRIBUTES = (Public, ); }; };
		458D66F11F4B5A81001770FB /* FSMetadataOptions.h in Headers */ = {isa = PBXBuildFile; fileRef = 458D66F01F4B598C001770FB /* FSMetadataOptions.h */; settings = {ATTRIBUTES = (Public, ); }; };
		4596206E22BA30B300D58036 /* FallbackTransform.swift in Sources */ = {isa = PBXBuildFile; fileRef = 4596206D22BA30B300D58036 /* FallbackTransform.swift */; };
		4596207022BA338E00D58036 /* ImageSizeTransform.swift in Sources */ = {isa = PBXBuildFile; fileRef = 4596206F22BA338E00D58036 /* ImageSizeTransform.swift */; };
		45965C6B1F20C47B005689BA /* MultipartUploadSubmitPartOperation.swift in Sources */ = {isa = PBXBuildFile; fileRef = 45965C6A1F20C47B005689BA /* MultipartUploadSubmitPartOperation.swift */; };
		45991FA41F14C1DD0042A279 /* ProcessService.swift in Sources */ = {isa = PBXBuildFile; fileRef = 45991FA31F14C1DD0042A279 /* ProcessService.swift */; };
		459E61EE1F31BBEF00237EA1 /* MultipartuploadSubmitChunkOperation.swift in Sources */ = {isa = PBXBuildFile; fileRef = 459E61ED1F31BBEF00237EA1 /* MultipartuploadSubmitChunkOperation.swift */; };
		45A07B3122B91A52003128B0 /* DocumentDetectionTransform.swift in Sources */ = {isa = PBXBuildFile; fileRef = 45A07B3022B91A52003128B0 /* DocumentDetectionTransform.swift */; };
		45B830A01F03B27A0053742A /* FilestackSDK.h in Headers */ = {isa = PBXBuildFile; fileRef = 45B8309E1F03B27A0053742A /* FilestackSDK.h */; settings = {ATTRIBUTES = (Public, ); }; };
		45B830CB1F03BB6D0053742A /* Cartfile in Resources */ = {isa = PBXBuildFile; fileRef = 45B830CA1F03BB6D0053742A /* Cartfile */; };
		45B830E31F03BCF20053742A /* Policy.swift in Sources */ = {isa = PBXBuildFile; fileRef = 45B830E01F03BCF20053742A /* Policy.swift */; };
		45B830E41F03BCF20053742A /* Security.swift in Sources */ = {isa = PBXBuildFile; fileRef = 45B830E11F03BCF20053742A /* Security.swift */; };
		45B831121F03D8140053742A /* FilestackSDK.framework in Frameworks */ = {isa = PBXBuildFile; fileRef = 45B8309B1F03B27A0053742A /* FilestackSDK.framework */; };
		45B831191F03DA280053742A /* PolicyTests.swift in Sources */ = {isa = PBXBuildFile; fileRef = 45B831181F03DA280053742A /* PolicyTests.swift */; };
		45B8311E1F03E2890053742A /* SecurityTests.swift in Sources */ = {isa = PBXBuildFile; fileRef = 45B8311D1F03E2890053742A /* SecurityTests.swift */; };
		45B831201F03E52B0053742A /* Seeds.swift in Sources */ = {isa = PBXBuildFile; fileRef = 45B8311F1F03E52B0053742A /* Seeds.swift */; };
		45B831221F03F1C90053742A /* Client.swift in Sources */ = {isa = PBXBuildFile; fileRef = 45B831211F03F1C90053742A /* Client.swift */; };
		45B831241F03F4300053742A /* ClientTests.swift in Sources */ = {isa = PBXBuildFile; fileRef = 45B831231F03F4300053742A /* ClientTests.swift */; };
		45C3BB261F0E9B3500856883 /* NetworkingServiceTest.swift in Sources */ = {isa = PBXBuildFile; fileRef = 45C3BB251F0E9B3500856883 /* NetworkingServiceTest.swift */; };
		45C3EA0F1F262ED30003598D /* MetadataOptions.swift in Sources */ = {isa = PBXBuildFile; fileRef = 45C3EA0E1F262ED30003598D /* MetadataOptions.swift */; };
		45C8F2061F18B279001A6558 /* TransformAspectMode.swift in Sources */ = {isa = PBXBuildFile; fileRef = 45C8F2051F18B279001A6558 /* TransformAspectMode.swift */; };
		45C8F2081F18B3AF001A6558 /* StorageAccess.swift in Sources */ = {isa = PBXBuildFile; fileRef = 45C8F2071F18B3AF001A6558 /* StorageAccess.swift */; };
		45C9E93B1F137EB200260F2A /* Transformable.swift in Sources */ = {isa = PBXBuildFile; fileRef = 45C9E93A1F137EB200260F2A /* Transformable.swift */; };
		45C9E94E1F1384B200260F2A /* TransformableTests.swift in Sources */ = {isa = PBXBuildFile; fileRef = 45C9E94D1F1384B200260F2A /* TransformableTests.swift */; };
		45D99F2F1F14EDD400CE709F /* UIColor+hexString.swift in Sources */ = {isa = PBXBuildFile; fileRef = 45D99F2E1F14EDD400CE709F /* UIColor+hexString.swift */; };
		45E07AAA22AFA58000CD4573 /* MultipartRegularUploadSubmitPartOperation.swift in Sources */ = {isa = PBXBuildFile; fileRef = 45E07AA822AFA58000CD4573 /* MultipartRegularUploadSubmitPartOperation.swift */; };
		45E07AAB22AFA58000CD4573 /* MultipartInteligentUploadSubmitPartOperation.swift in Sources */ = {isa = PBXBuildFile; fileRef = 45E07AA922AFA58000CD4573 /* MultipartInteligentUploadSubmitPartOperation.swift */; };
		45E07AB022AFC15300CD4573 /* Alamofire.framework in Copy Embedded Frameworks */ = {isa = PBXBuildFile; fileRef = 45690CCC22A65FC500285F62 /* Alamofire.framework */; settings = {ATTRIBUTES = (CodeSignOnCopy, RemoveHeadersOnCopy, ); }; };
		45E07AB122AFC15300CD4573 /* CryptoSwift.framework in Copy Embedded Frameworks */ = {isa = PBXBuildFile; fileRef = 45690CB922A65FC500285F62 /* CryptoSwift.framework */; settings = {ATTRIBUTES = (CodeSignOnCopy, RemoveHeadersOnCopy, ); }; };
		45E07AB222AFC15300CD4573 /* OHHTTPStubs.framework in Copy Embedded Frameworks */ = {isa = PBXBuildFile; fileRef = 45690CCD22A65FC500285F62 /* OHHTTPStubs.framework */; settings = {ATTRIBUTES = (CodeSignOnCopy, RemoveHeadersOnCopy, ); }; };
		45F9B8C41F0B941300E04380 /* sample.jpg in Resources */ = {isa = PBXBuildFile; fileRef = 45F9B8C31F0B941300E04380 /* sample.jpg */; };
		45F9B8C61F0BA02F00E04380 /* NetworkDataResponse.swift in Sources */ = {isa = PBXBuildFile; fileRef = 45F9B8C51F0BA02F00E04380 /* NetworkDataResponse.swift */; };
		45FA0CC81F0B86AD008EDBCD /* Globals.swift in Sources */ = {isa = PBXBuildFile; fileRef = 45FA0CC71F0B86AD008EDBCD /* Globals.swift */; };
		45FA0CCD1F0B86B6008EDBCD /* CDNService.swift in Sources */ = {isa = PBXBuildFile; fileRef = 45FA0CCB1F0B86B6008EDBCD /* CDNService.swift */; };
		BC27300620DA7D1B00142174 /* SecureForWorkTransform.swift in Sources */ = {isa = PBXBuildFile; fileRef = BC27300520DA7D1B00142174 /* SecureForWorkTransform.swift */; };
		BC27301A20DA806200142174 /* TagsTransform.swift in Sources */ = {isa = PBXBuildFile; fileRef = BC27301920DA806200142174 /* TagsTransform.swift */; };
		BC8832CC20D181A700B88EAF /* PolaroidTransform.swift in Sources */ = {isa = PBXBuildFile; fileRef = BC8832B320D181A600B88EAF /* PolaroidTransform.swift */; };
		BC8832CD20D181A700B88EAF /* WatermarkTransform.swift in Sources */ = {isa = PBXBuildFile; fileRef = BC8832B420D181A600B88EAF /* WatermarkTransform.swift */; };
		BC8832CE20D181A700B88EAF /* AVTransform.swift in Sources */ = {isa = PBXBuildFile; fileRef = BC8832B520D181A600B88EAF /* AVTransform.swift */; };
		BC8832CF20D181A700B88EAF /* CropFacesTransform.swift in Sources */ = {isa = PBXBuildFile; fileRef = BC8832B620D181A600B88EAF /* CropFacesTransform.swift */; };
		BC8832D020D181A700B88EAF /* BorderTransform.swift in Sources */ = {isa = PBXBuildFile; fileRef = BC8832B720D181A600B88EAF /* BorderTransform.swift */; };
		BC8832D120D181A700B88EAF /* SepiaTransform.swift in Sources */ = {isa = PBXBuildFile; fileRef = BC8832B820D181A600B88EAF /* SepiaTransform.swift */; };
		BC8832D220D181A700B88EAF /* ConvertTransform.swift in Sources */ = {isa = PBXBuildFile; fileRef = BC8832B920D181A600B88EAF /* ConvertTransform.swift */; };
		BC8832D320D181A700B88EAF /* BlurTransform.swift in Sources */ = {isa = PBXBuildFile; fileRef = BC8832BA20D181A600B88EAF /* BlurTransform.swift */; };
		BC8832D420D181A700B88EAF /* BlackAndWhiteTransform.swift in Sources */ = {isa = PBXBuildFile; fileRef = BC8832BB20D181A600B88EAF /* BlackAndWhiteTransform.swift */; };
		BC8832D520D181A700B88EAF /* CropTransform.swift in Sources */ = {isa = PBXBuildFile; fileRef = BC8832BC20D181A600B88EAF /* CropTransform.swift */; };
		BC8832D620D181A700B88EAF /* FlipTransform.swift in Sources */ = {isa = PBXBuildFile; fileRef = BC8832BD20D181A600B88EAF /* FlipTransform.swift */; };
		BC8832D720D181A700B88EAF /* MonochromeTransform.swift in Sources */ = {isa = PBXBuildFile; fileRef = BC8832BE20D181A600B88EAF /* MonochromeTransform.swift */; };
		BC8832D820D181A700B88EAF /* ShadowTransform.swift in Sources */ = {isa = PBXBuildFile; fileRef = BC8832BF20D181A600B88EAF /* ShadowTransform.swift */; };
		BC8832D920D181A700B88EAF /* PixelateFacesTransform.swift in Sources */ = {isa = PBXBuildFile; fileRef = BC8832C020D181A600B88EAF /* PixelateFacesTransform.swift */; };
		BC8832DA20D181A700B88EAF /* NoMetadataTransform.swift in Sources */ = {isa = PBXBuildFile; fileRef = BC8832C120D181A600B88EAF /* NoMetadataTransform.swift */; };
		BC8832DB20D181A700B88EAF /* DetectFacesTransform.swift in Sources */ = {isa = PBXBuildFile; fileRef = BC8832C220D181A700B88EAF /* DetectFacesTransform.swift */; };
		BC8832DC20D181A700B88EAF /* SharpenTransform.swift in Sources */ = {isa = PBXBuildFile; fileRef = BC8832C320D181A700B88EAF /* SharpenTransform.swift */; };
		BC8832DD20D181A700B88EAF /* FlopTransform.swift in Sources */ = {isa = PBXBuildFile; fileRef = BC8832C420D181A700B88EAF /* FlopTransform.swift */; };
		BC8832DE20D181A700B88EAF /* TornEdgesTransform.swift in Sources */ = {isa = PBXBuildFile; fileRef = BC8832C520D181A700B88EAF /* TornEdgesTransform.swift */; };
		BC8832DF20D181A700B88EAF /* RoundedCornersTransform.swift in Sources */ = {isa = PBXBuildFile; fileRef = BC8832C620D181A700B88EAF /* RoundedCornersTransform.swift */; };
		BC8832E020D181A700B88EAF /* VignetteTransform.swift in Sources */ = {isa = PBXBuildFile; fileRef = BC8832C720D181A700B88EAF /* VignetteTransform.swift */; };
		BC8832E120D181A700B88EAF /* ResizeTransform.swift in Sources */ = {isa = PBXBuildFile; fileRef = BC8832C820D181A700B88EAF /* ResizeTransform.swift */; };
		BC8832E220D181A700B88EAF /* QualityTransform.swift in Sources */ = {isa = PBXBuildFile; fileRef = BC8832C920D181A700B88EAF /* QualityTransform.swift */; };
		BC8832E320D181A700B88EAF /* Transform.swift in Sources */ = {isa = PBXBuildFile; fileRef = BC8832CA20D181A700B88EAF /* Transform.swift */; };
		BC8832E420D181A700B88EAF /* CircleTransform.swift in Sources */ = {isa = PBXBuildFile; fileRef = BC8832CB20D181A700B88EAF /* CircleTransform.swift */; };
		BC8832E720D181F000B88EAF /* BlurFacesTransform.swift in Sources */ = {isa = PBXBuildFile; fileRef = BC8832E520D181F000B88EAF /* BlurFacesTransform.swift */; };
		BC8832E820D181F000B88EAF /* CoverFacesTransformExtension.swift in Sources */ = {isa = PBXBuildFile; fileRef = BC8832E620D181F000B88EAF /* CoverFacesTransformExtension.swift */; };
		BC8832EA20D238B600B88EAF /* PixelateTransform.swift in Sources */ = {isa = PBXBuildFile; fileRef = BC8832E920D238B600B88EAF /* PixelateTransform.swift */; };
		BC8832EC20D239A900B88EAF /* OilPaintTransform.swift in Sources */ = {isa = PBXBuildFile; fileRef = BC8832EB20D239A900B88EAF /* OilPaintTransform.swift */; };
		BC8832EE20D23A0A00B88EAF /* NegativeTransform.swift in Sources */ = {isa = PBXBuildFile; fileRef = BC8832ED20D23A0A00B88EAF /* NegativeTransform.swift */; };
		BC8832F020D264CF00B88EAF /* ModulateTransform.swift in Sources */ = {isa = PBXBuildFile; fileRef = BC8832EF20D264CF00B88EAF /* ModulateTransform.swift */; };
		BC8832F220D266F100B88EAF /* PartialPixelateTransform.swift in Sources */ = {isa = PBXBuildFile; fileRef = BC8832F120D266F100B88EAF /* PartialPixelateTransform.swift */; };
		BC8832F420D267B300B88EAF /* PartialBlurTransform.swift in Sources */ = {isa = PBXBuildFile; fileRef = BC8832F320D267B300B88EAF /* PartialBlurTransform.swift */; };
		BC8832F620D2680A00B88EAF /* PartialCoverTransformExtension.swift in Sources */ = {isa = PBXBuildFile; fileRef = BC8832F520D2680A00B88EAF /* PartialCoverTransformExtension.swift */; };
		BC8832F820D27A7B00B88EAF /* ASCIITransform.swift in Sources */ = {isa = PBXBuildFile; fileRef = BC8832F720D27A7B00B88EAF /* ASCIITransform.swift */; };
		BC8832FA20D3C90D00B88EAF /* CollageTransform.swift in Sources */ = {isa = PBXBuildFile; fileRef = BC8832F920D3C90D00B88EAF /* CollageTransform.swift */; };
		BC8832FC20D3D92C00B88EAF /* URLScreenshotTransform.swift in Sources */ = {isa = PBXBuildFile; fileRef = BC8832FB20D3D92C00B88EAF /* URLScreenshotTransform.swift */; };
		BC8832FE20D3DBCA00B88EAF /* UpscaleTransform.swift in Sources */ = {isa = PBXBuildFile; fileRef = BC8832FD20D3DBCA00B88EAF /* UpscaleTransform.swift */; };
		BC88330020D3DCB600B88EAF /* TransformNoiseMode.swift in Sources */ = {isa = PBXBuildFile; fileRef = BC8832FF20D3DCB600B88EAF /* TransformNoiseMode.swift */; };
		BC88330220D3DF7900B88EAF /* TransformStyleMode.swift in Sources */ = {isa = PBXBuildFile; fileRef = BC88330120D3DF7900B88EAF /* TransformStyleMode.swift */; };
		BC88330520D3E08000B88EAF /* EnhanceTransform.swift in Sources */ = {isa = PBXBuildFile; fileRef = BC88330420D3E08000B88EAF /* EnhanceTransform.swift */; };
		BC88330720D3E0E600B88EAF /* RedEyeRemovalTransform.swift in Sources */ = {isa = PBXBuildFile; fileRef = BC88330620D3E0E600B88EAF /* RedEyeRemovalTransform.swift */; };
		BC88330B20D3E36A00B88EAF /* TransformFiletype.swift in Sources */ = {isa = PBXBuildFile; fileRef = BC88330A20D3E36A00B88EAF /* TransformFiletype.swift */; };
		BC88330D20D3EB7800B88EAF /* CompressTransform.swift in Sources */ = {isa = PBXBuildFile; fileRef = BC88330C20D3EB7800B88EAF /* CompressTransform.swift */; };
		BC88330F20D3EC6300B88EAF /* ProgressiveJPEGTransform.swift in Sources */ = {isa = PBXBuildFile; fileRef = BC88330E20D3EC6300B88EAF /* ProgressiveJPEGTransform.swift */; };
		BC88331120D3EE0400B88EAF /* CacheTransform.swift in Sources */ = {isa = PBXBuildFile; fileRef = BC88331020D3EE0400B88EAF /* CacheTransform.swift */; };
		BCDB405220A9A87C00148136 /* MultifileUpload.swift in Sources */ = {isa = PBXBuildFile; fileRef = BCDB405120A9A87C00148136 /* MultifileUpload.swift */; };
/* End PBXBuildFile section */

/* Begin PBXContainerItemProxy section */
		45B831131F03D8140053742A /* PBXContainerItemProxy */ = {
			isa = PBXContainerItemProxy;
			containerPortal = 45B830921F03B27A0053742A /* Project object */;
			proxyType = 1;
			remoteGlobalIDString = 45B8309A1F03B27A0053742A;
			remoteInfo = FilestackSDK;
		};
/* End PBXContainerItemProxy section */

/* Begin PBXCopyFilesBuildPhase section */
		45E07AAF22AFC14600CD4573 /* Copy Embedded Frameworks */ = {
			isa = PBXCopyFilesBuildPhase;
			buildActionMask = 2147483647;
			dstPath = "";
			dstSubfolderSpec = 10;
			files = (
				45E07AB022AFC15300CD4573 /* Alamofire.framework in Copy Embedded Frameworks */,
				45E07AB122AFC15300CD4573 /* CryptoSwift.framework in Copy Embedded Frameworks */,
				45E07AB222AFC15300CD4573 /* OHHTTPStubs.framework in Copy Embedded Frameworks */,
			);
			name = "Copy Embedded Frameworks";
			runOnlyForDeploymentPostprocessing = 0;
		};
/* End PBXCopyFilesBuildPhase section */

/* Begin PBXFileReference section */
		4502F7301F1F4C3A000875D6 /* MultipartUploadStartOperation.swift */ = {isa = PBXFileReference; lastKnownFileType = sourcecode.swift; path = MultipartUploadStartOperation.swift; sourceTree = "<group>"; };
		4502F7321F1F4D20000875D6 /* BaseOperation.swift */ = {isa = PBXFileReference; lastKnownFileType = sourcecode.swift; path = BaseOperation.swift; sourceTree = "<group>"; };
		4502F7361F1F540F000875D6 /* UploadService.swift */ = {isa = PBXFileReference; lastKnownFileType = sourcecode.swift; path = UploadService.swift; sourceTree = "<group>"; };
		45050F4B1F2B49C100B4E3C3 /* Data+Base64MD5Digest.swift */ = {isa = PBXFileReference; lastKnownFileType = sourcecode.swift; path = "Data+Base64MD5Digest.swift"; sourceTree = "<group>"; };
		450E433B1F161DE500E46B56 /* TransformShapeType.swift */ = {isa = PBXFileReference; lastKnownFileType = sourcecode.swift; path = TransformShapeType.swift; sourceTree = "<group>"; };
		45107C8B1F4D6ADC00250ABE /* MultipartUpload.swift */ = {isa = PBXFileReference; fileEncoding = 4; lastKnownFileType = sourcecode.swift; path = MultipartUpload.swift; sourceTree = "<group>"; };
		45107C9F1F4D6B0E00250ABE /* MultipartUploadTests.swift */ = {isa = PBXFileReference; fileEncoding = 4; lastKnownFileType = sourcecode.swift; path = MultipartUploadTests.swift; sourceTree = "<group>"; };
		4512EB801FA7655F003A8C38 /* StorageOptions.swift */ = {isa = PBXFileReference; lastKnownFileType = sourcecode.swift; path = StorageOptions.swift; sourceTree = "<group>"; };
		4520553F1F4AE7B900A6795D /* FSPolicyCall.h */ = {isa = PBXFileReference; lastKnownFileType = sourcecode.c.h; path = FSPolicyCall.h; sourceTree = "<group>"; };
		452055411F4B191900A6795D /* RotateTransform.swift */ = {isa = PBXFileReference; fileEncoding = 4; lastKnownFileType = sourcecode.swift; name = RotateTransform.swift; path = FilestackSDK/Transforms/RotateTransform.swift; sourceTree = SOURCE_ROOT; };
		4528C7451F2F24FB00A4BEF6 /* MultipartUploadCommitOperation.swift */ = {isa = PBXFileReference; lastKnownFileType = sourcecode.swift; path = MultipartUploadCommitOperation.swift; sourceTree = "<group>"; };
		452D715A1F17A49D0037E1BB /* TransformPageFormat.swift */ = {isa = PBXFileReference; lastKnownFileType = sourcecode.swift; path = TransformPageFormat.swift; sourceTree = "<group>"; };
		452D715C1F17A4DB0037E1BB /* TransformPageOrientation.swift */ = {isa = PBXFileReference; lastKnownFileType = sourcecode.swift; path = TransformPageOrientation.swift; sourceTree = "<group>"; };
		452D715E1F17A51B0037E1BB /* TransformColorSpace.swift */ = {isa = PBXFileReference; lastKnownFileType = sourcecode.swift; path = TransformColorSpace.swift; sourceTree = "<group>"; };
		45341A8C1F1E170C00DC7B79 /* URL+mimeType.swift */ = {isa = PBXFileReference; lastKnownFileType = sourcecode.swift; path = "URL+mimeType.swift"; sourceTree = "<group>"; };
		45341A9F1F1E17C400DC7B79 /* URLMimeTypeTests.swift */ = {isa = PBXFileReference; lastKnownFileType = sourcecode.swift; path = URLMimeTypeTests.swift; sourceTree = "<group>"; };
		4548CA481F1CBE58009FDBEF /* NetworkJSONResponse.swift */ = {isa = PBXFileReference; lastKnownFileType = sourcecode.swift; path = NetworkJSONResponse.swift; sourceTree = "<group>"; };
		454B22F222B8DD0C00A7A93E /* PDFInfoTransform.swift */ = {isa = PBXFileReference; lastKnownFileType = sourcecode.swift; path = PDFInfoTransform.swift; sourceTree = "<group>"; };
		454B22F422B8E3F400A7A93E /* PDFConvertTransform.swift */ = {isa = PBXFileReference; lastKnownFileType = sourcecode.swift; path = PDFConvertTransform.swift; sourceTree = "<group>"; };
		454B22F622B8F41000A7A93E /* PDFMonochromeTransform.swift */ = {isa = PBXFileReference; lastKnownFileType = sourcecode.swift; path = PDFMonochromeTransform.swift; sourceTree = "<group>"; };
		454CC1AC1F0CD8D5005821AC /* NetworkDownloadResponse.swift */ = {isa = PBXFileReference; lastKnownFileType = sourcecode.swift; path = NetworkDownloadResponse.swift; sourceTree = "<group>"; };
		454CC1C51F0CF932005821AC /* SessionManagerTests.swift */ = {isa = PBXFileReference; lastKnownFileType = sourcecode.swift; path = SessionManagerTests.swift; sourceTree = "<group>"; };
		454CC1C71F0D10D2005821AC /* BundleInfo.swift */ = {isa = PBXFileReference; lastKnownFileType = sourcecode.swift; name = BundleInfo.swift; path = Misc/BundleInfo.swift; sourceTree = "<group>"; };
		454CC1CA1F0D1160005821AC /* SessionManager+filestackDefault.swift */ = {isa = PBXFileReference; lastKnownFileType = sourcecode.swift; path = "SessionManager+filestackDefault.swift"; sourceTree = "<group>"; };
		45513FF91F0E9739006DB972 /* APIService.swift */ = {isa = PBXFileReference; lastKnownFileType = sourcecode.swift; path = APIService.swift; sourceTree = "<group>"; };
		4551400C1F0E97E2006DB972 /* NetworkingService.swift */ = {isa = PBXFileReference; lastKnownFileType = sourcecode.swift; path = NetworkingService.swift; sourceTree = "<group>"; };
		455266301F1618E1009537D9 /* TransformCropMode.swift */ = {isa = PBXFileReference; lastKnownFileType = sourcecode.swift; path = TransformCropMode.swift; sourceTree = "<group>"; };
		45690CB922A65FC500285F62 /* CryptoSwift.framework */ = {isa = PBXFileReference; lastKnownFileType = wrapper.framework; name = CryptoSwift.framework; path = Carthage/Build/iOS/CryptoSwift.framework; sourceTree = "<group>"; };
		45690CCC22A65FC500285F62 /* Alamofire.framework */ = {isa = PBXFileReference; lastKnownFileType = wrapper.framework; name = Alamofire.framework; path = Carthage/Build/iOS/Alamofire.framework; sourceTree = "<group>"; };
		45690CCD22A65FC500285F62 /* OHHTTPStubs.framework */ = {isa = PBXFileReference; lastKnownFileType = wrapper.framework; name = OHHTTPStubs.framework; path = Carthage/Build/iOS/OHHTTPStubs.framework; sourceTree = "<group>"; };
		45690CFF22A6770D00285F62 /* README.md */ = {isa = PBXFileReference; fileEncoding = 4; lastKnownFileType = net.daringfireball.markdown; path = README.md; sourceTree = "<group>"; };
		456FF4C01F27799D00E9F192 /* MultipartUploadCompleteOperation.swift */ = {isa = PBXFileReference; lastKnownFileType = sourcecode.swift; path = MultipartUploadCompleteOperation.swift; sourceTree = "<group>"; };
		456FF4C21F27902500E9F192 /* large.jpg */ = {isa = PBXFileReference; lastKnownFileType = image.jpeg; name = large.jpg; path = Fixtures/large.jpg; sourceTree = "<group>"; };
		4577DD4122A6A17700FEF43C /* CONTRIBUTING.md */ = {isa = PBXFileReference; fileEncoding = 4; lastKnownFileType = net.daringfireball.markdown; path = CONTRIBUTING.md; sourceTree = "<group>"; };
		4579CD3D1F1764A500DCF37A /* TransformBlurMode.swift */ = {isa = PBXFileReference; lastKnownFileType = sourcecode.swift; path = TransformBlurMode.swift; sourceTree = "<group>"; };
		457D5BEC1F16146B00FBD5B1 /* TransformPosition.swift */ = {isa = PBXFileReference; lastKnownFileType = sourcecode.swift; path = TransformPosition.swift; sourceTree = "<group>"; };
		457D5BEE1F16147E00FBD5B1 /* TransformFit.swift */ = {isa = PBXFileReference; lastKnownFileType = sourcecode.swift; path = TransformFit.swift; sourceTree = "<group>"; };
		457D5BF01F1614A800FBD5B1 /* TransformAlign.swift */ = {isa = PBXFileReference; lastKnownFileType = sourcecode.swift; path = TransformAlign.swift; sourceTree = "<group>"; };
		457D5BF21F1614D400FBD5B1 /* PolicyCall.swift */ = {isa = PBXFileReference; lastKnownFileType = sourcecode.swift; path = PolicyCall.swift; sourceTree = "<group>"; };
		458256141F1E1C860009185C /* URL+size.swift */ = {isa = PBXFileReference; lastKnownFileType = sourcecode.swift; path = "URL+size.swift"; sourceTree = "<group>"; };
		458256161F1E1D330009185C /* URLSizeTests.swift */ = {isa = PBXFileReference; lastKnownFileType = sourcecode.swift; path = URLSizeTests.swift; sourceTree = "<group>"; };
		4589A45E1F0A3B5500C39405 /* StorageLocation.swift */ = {isa = PBXFileReference; fileEncoding = 4; lastKnownFileType = sourcecode.swift; path = StorageLocation.swift; sourceTree = "<group>"; };
		4589A4871F0A4B1900C39405 /* Config.swift */ = {isa = PBXFileReference; fileEncoding = 4; lastKnownFileType = sourcecode.swift; name = Config.swift; path = Misc/Config.swift; sourceTree = "<group>"; };
		4589A4891F0A4DA600C39405 /* FileLink.swift */ = {isa = PBXFileReference; fileEncoding = 4; lastKnownFileType = sourcecode.swift; path = FileLink.swift; sourceTree = "<group>"; };
		4589A48B1F0A4DBC00C39405 /* FileLinkTests.swift */ = {isa = PBXFileReference; fileEncoding = 4; lastKnownFileType = sourcecode.swift; path = FileLinkTests.swift; sourceTree = "<group>"; };
		458D66CC1F4B31E4001770FB /* ZipTransform.swift */ = {isa = PBXFileReference; fileEncoding = 4; lastKnownFileType = sourcecode.swift; path = ZipTransform.swift; sourceTree = "<group>"; };
		458D66EC1F4B4EC2001770FB /* FSTransformPosition.h */ = {isa = PBXFileReference; lastKnownFileType = sourcecode.c.h; path = FSTransformPosition.h; sourceTree = "<group>"; };
		458D66F01F4B598C001770FB /* FSMetadataOptions.h */ = {isa = PBXFileReference; lastKnownFileType = sourcecode.c.h; path = FSMetadataOptions.h; sourceTree = "<group>"; };
		4596206D22BA30B300D58036 /* FallbackTransform.swift */ = {isa = PBXFileReference; lastKnownFileType = sourcecode.swift; path = FallbackTransform.swift; sourceTree = "<group>"; };
		4596206F22BA338E00D58036 /* ImageSizeTransform.swift */ = {isa = PBXFileReference; lastKnownFileType = sourcecode.swift; path = ImageSizeTransform.swift; sourceTree = "<group>"; };
		45965C6A1F20C47B005689BA /* MultipartUploadSubmitPartOperation.swift */ = {isa = PBXFileReference; lastKnownFileType = sourcecode.swift; path = MultipartUploadSubmitPartOperation.swift; sourceTree = "<group>"; };
		45991FA31F14C1DD0042A279 /* ProcessService.swift */ = {isa = PBXFileReference; lastKnownFileType = sourcecode.swift; path = ProcessService.swift; sourceTree = "<group>"; };
		459E61ED1F31BBEF00237EA1 /* MultipartuploadSubmitChunkOperation.swift */ = {isa = PBXFileReference; lastKnownFileType = sourcecode.swift; path = MultipartuploadSubmitChunkOperation.swift; sourceTree = "<group>"; };
		45A07B3022B91A52003128B0 /* DocumentDetectionTransform.swift */ = {isa = PBXFileReference; lastKnownFileType = sourcecode.swift; path = DocumentDetectionTransform.swift; sourceTree = "<group>"; };
		45B8309B1F03B27A0053742A /* FilestackSDK.framework */ = {isa = PBXFileReference; explicitFileType = wrapper.framework; includeInIndex = 0; path = FilestackSDK.framework; sourceTree = BUILT_PRODUCTS_DIR; };
		45B8309E1F03B27A0053742A /* FilestackSDK.h */ = {isa = PBXFileReference; lastKnownFileType = sourcecode.c.h; path = FilestackSDK.h; sourceTree = "<group>"; };
		45B8309F1F03B27A0053742A /* Info.plist */ = {isa = PBXFileReference; lastKnownFileType = text.plist.xml; path = Info.plist; sourceTree = "<group>"; };
		45B830CA1F03BB6D0053742A /* Cartfile */ = {isa = PBXFileReference; fileEncoding = 4; lastKnownFileType = text; path = Cartfile; sourceTree = "<group>"; };
		45B830E01F03BCF20053742A /* Policy.swift */ = {isa = PBXFileReference; fileEncoding = 4; lastKnownFileType = sourcecode.swift; path = Policy.swift; sourceTree = "<group>"; };
		45B830E11F03BCF20053742A /* Security.swift */ = {isa = PBXFileReference; fileEncoding = 4; lastKnownFileType = sourcecode.swift; path = Security.swift; sourceTree = "<group>"; };
		45B8310D1F03D8140053742A /* FilestackSDKTests.xctest */ = {isa = PBXFileReference; explicitFileType = wrapper.cfbundle; includeInIndex = 0; path = FilestackSDKTests.xctest; sourceTree = BUILT_PRODUCTS_DIR; };
		45B831111F03D8140053742A /* Info.plist */ = {isa = PBXFileReference; lastKnownFileType = text.plist.xml; path = Info.plist; sourceTree = "<group>"; };
		45B831181F03DA280053742A /* PolicyTests.swift */ = {isa = PBXFileReference; fileEncoding = 4; lastKnownFileType = sourcecode.swift; path = PolicyTests.swift; sourceTree = "<group>"; };
		45B8311D1F03E2890053742A /* SecurityTests.swift */ = {isa = PBXFileReference; fileEncoding = 4; lastKnownFileType = sourcecode.swift; path = SecurityTests.swift; sourceTree = "<group>"; };
		45B8311F1F03E52B0053742A /* Seeds.swift */ = {isa = PBXFileReference; fileEncoding = 4; lastKnownFileType = sourcecode.swift; path = Seeds.swift; sourceTree = "<group>"; };
		45B831211F03F1C90053742A /* Client.swift */ = {isa = PBXFileReference; fileEncoding = 4; lastKnownFileType = sourcecode.swift; path = Client.swift; sourceTree = "<group>"; };
		45B831231F03F4300053742A /* ClientTests.swift */ = {isa = PBXFileReference; fileEncoding = 4; lastKnownFileType = sourcecode.swift; path = ClientTests.swift; sourceTree = "<group>"; };
		45C3BB251F0E9B3500856883 /* NetworkingServiceTest.swift */ = {isa = PBXFileReference; lastKnownFileType = sourcecode.swift; path = NetworkingServiceTest.swift; sourceTree = "<group>"; };
		45C3EA0E1F262ED30003598D /* MetadataOptions.swift */ = {isa = PBXFileReference; lastKnownFileType = sourcecode.swift; path = MetadataOptions.swift; sourceTree = "<group>"; };
		45C8F2051F18B279001A6558 /* TransformAspectMode.swift */ = {isa = PBXFileReference; lastKnownFileType = sourcecode.swift; path = TransformAspectMode.swift; sourceTree = "<group>"; };
		45C8F2071F18B3AF001A6558 /* StorageAccess.swift */ = {isa = PBXFileReference; lastKnownFileType = sourcecode.swift; path = StorageAccess.swift; sourceTree = "<group>"; };
		45C9E93A1F137EB200260F2A /* Transformable.swift */ = {isa = PBXFileReference; lastKnownFileType = sourcecode.swift; path = Transformable.swift; sourceTree = "<group>"; };
		45C9E94D1F1384B200260F2A /* TransformableTests.swift */ = {isa = PBXFileReference; lastKnownFileType = sourcecode.swift; path = TransformableTests.swift; sourceTree = "<group>"; };
		45D99F2E1F14EDD400CE709F /* UIColor+hexString.swift */ = {isa = PBXFileReference; lastKnownFileType = sourcecode.swift; path = "UIColor+hexString.swift"; sourceTree = "<group>"; };
		45E07AA822AFA58000CD4573 /* MultipartRegularUploadSubmitPartOperation.swift */ = {isa = PBXFileReference; fileEncoding = 4; lastKnownFileType = sourcecode.swift; path = MultipartRegularUploadSubmitPartOperation.swift; sourceTree = "<group>"; };
		45E07AA922AFA58000CD4573 /* MultipartInteligentUploadSubmitPartOperation.swift */ = {isa = PBXFileReference; fileEncoding = 4; lastKnownFileType = sourcecode.swift; path = MultipartInteligentUploadSubmitPartOperation.swift; sourceTree = "<group>"; };
		45F9B8C31F0B941300E04380 /* sample.jpg */ = {isa = PBXFileReference; lastKnownFileType = image.jpeg; name = sample.jpg; path = Fixtures/sample.jpg; sourceTree = "<group>"; };
		45F9B8C51F0BA02F00E04380 /* NetworkDataResponse.swift */ = {isa = PBXFileReference; fileEncoding = 4; lastKnownFileType = sourcecode.swift; path = NetworkDataResponse.swift; sourceTree = "<group>"; };
		45FA0CC71F0B86AD008EDBCD /* Globals.swift */ = {isa = PBXFileReference; fileEncoding = 4; lastKnownFileType = sourcecode.swift; name = Globals.swift; path = Misc/Globals.swift; sourceTree = "<group>"; };
		45FA0CCB1F0B86B6008EDBCD /* CDNService.swift */ = {isa = PBXFileReference; fileEncoding = 4; lastKnownFileType = sourcecode.swift; path = CDNService.swift; sourceTree = "<group>"; };
		BC27300520DA7D1B00142174 /* SecureForWorkTransform.swift */ = {isa = PBXFileReference; lastKnownFileType = sourcecode.swift; path = SecureForWorkTransform.swift; sourceTree = "<group>"; };
		BC27301920DA806200142174 /* TagsTransform.swift */ = {isa = PBXFileReference; lastKnownFileType = sourcecode.swift; path = TagsTransform.swift; sourceTree = "<group>"; };
		BC8832B320D181A600B88EAF /* PolaroidTransform.swift */ = {isa = PBXFileReference; fileEncoding = 4; lastKnownFileType = sourcecode.swift; path = PolaroidTransform.swift; sourceTree = "<group>"; };
		BC8832B420D181A600B88EAF /* WatermarkTransform.swift */ = {isa = PBXFileReference; fileEncoding = 4; lastKnownFileType = sourcecode.swift; path = WatermarkTransform.swift; sourceTree = "<group>"; };
		BC8832B520D181A600B88EAF /* AVTransform.swift */ = {isa = PBXFileReference; fileEncoding = 4; lastKnownFileType = sourcecode.swift; path = AVTransform.swift; sourceTree = "<group>"; };
		BC8832B620D181A600B88EAF /* CropFacesTransform.swift */ = {isa = PBXFileReference; fileEncoding = 4; lastKnownFileType = sourcecode.swift; path = CropFacesTransform.swift; sourceTree = "<group>"; };
		BC8832B720D181A600B88EAF /* BorderTransform.swift */ = {isa = PBXFileReference; fileEncoding = 4; lastKnownFileType = sourcecode.swift; path = BorderTransform.swift; sourceTree = "<group>"; };
		BC8832B820D181A600B88EAF /* SepiaTransform.swift */ = {isa = PBXFileReference; fileEncoding = 4; lastKnownFileType = sourcecode.swift; path = SepiaTransform.swift; sourceTree = "<group>"; };
		BC8832B920D181A600B88EAF /* ConvertTransform.swift */ = {isa = PBXFileReference; fileEncoding = 4; lastKnownFileType = sourcecode.swift; path = ConvertTransform.swift; sourceTree = "<group>"; };
		BC8832BA20D181A600B88EAF /* BlurTransform.swift */ = {isa = PBXFileReference; fileEncoding = 4; lastKnownFileType = sourcecode.swift; path = BlurTransform.swift; sourceTree = "<group>"; };
		BC8832BB20D181A600B88EAF /* BlackAndWhiteTransform.swift */ = {isa = PBXFileReference; fileEncoding = 4; lastKnownFileType = sourcecode.swift; path = BlackAndWhiteTransform.swift; sourceTree = "<group>"; };
		BC8832BC20D181A600B88EAF /* CropTransform.swift */ = {isa = PBXFileReference; fileEncoding = 4; lastKnownFileType = sourcecode.swift; path = CropTransform.swift; sourceTree = "<group>"; };
		BC8832BD20D181A600B88EAF /* FlipTransform.swift */ = {isa = PBXFileReference; fileEncoding = 4; lastKnownFileType = sourcecode.swift; path = FlipTransform.swift; sourceTree = "<group>"; };
		BC8832BE20D181A600B88EAF /* MonochromeTransform.swift */ = {isa = PBXFileReference; fileEncoding = 4; lastKnownFileType = sourcecode.swift; path = MonochromeTransform.swift; sourceTree = "<group>"; };
		BC8832BF20D181A600B88EAF /* ShadowTransform.swift */ = {isa = PBXFileReference; fileEncoding = 4; lastKnownFileType = sourcecode.swift; path = ShadowTransform.swift; sourceTree = "<group>"; };
		BC8832C020D181A600B88EAF /* PixelateFacesTransform.swift */ = {isa = PBXFileReference; fileEncoding = 4; lastKnownFileType = sourcecode.swift; path = PixelateFacesTransform.swift; sourceTree = "<group>"; };
		BC8832C120D181A600B88EAF /* NoMetadataTransform.swift */ = {isa = PBXFileReference; fileEncoding = 4; lastKnownFileType = sourcecode.swift; path = NoMetadataTransform.swift; sourceTree = "<group>"; };
		BC8832C220D181A700B88EAF /* DetectFacesTransform.swift */ = {isa = PBXFileReference; fileEncoding = 4; lastKnownFileType = sourcecode.swift; path = DetectFacesTransform.swift; sourceTree = "<group>"; };
		BC8832C320D181A700B88EAF /* SharpenTransform.swift */ = {isa = PBXFileReference; fileEncoding = 4; lastKnownFileType = sourcecode.swift; path = SharpenTransform.swift; sourceTree = "<group>"; };
		BC8832C420D181A700B88EAF /* FlopTransform.swift */ = {isa = PBXFileReference; fileEncoding = 4; lastKnownFileType = sourcecode.swift; path = FlopTransform.swift; sourceTree = "<group>"; };
		BC8832C520D181A700B88EAF /* TornEdgesTransform.swift */ = {isa = PBXFileReference; fileEncoding = 4; lastKnownFileType = sourcecode.swift; path = TornEdgesTransform.swift; sourceTree = "<group>"; };
		BC8832C620D181A700B88EAF /* RoundedCornersTransform.swift */ = {isa = PBXFileReference; fileEncoding = 4; lastKnownFileType = sourcecode.swift; path = RoundedCornersTransform.swift; sourceTree = "<group>"; };
		BC8832C720D181A700B88EAF /* VignetteTransform.swift */ = {isa = PBXFileReference; fileEncoding = 4; lastKnownFileType = sourcecode.swift; path = VignetteTransform.swift; sourceTree = "<group>"; };
		BC8832C820D181A700B88EAF /* ResizeTransform.swift */ = {isa = PBXFileReference; fileEncoding = 4; lastKnownFileType = sourcecode.swift; path = ResizeTransform.swift; sourceTree = "<group>"; };
		BC8832C920D181A700B88EAF /* QualityTransform.swift */ = {isa = PBXFileReference; fileEncoding = 4; lastKnownFileType = sourcecode.swift; path = QualityTransform.swift; sourceTree = "<group>"; };
		BC8832CA20D181A700B88EAF /* Transform.swift */ = {isa = PBXFileReference; fileEncoding = 4; lastKnownFileType = sourcecode.swift; path = Transform.swift; sourceTree = "<group>"; };
		BC8832CB20D181A700B88EAF /* CircleTransform.swift */ = {isa = PBXFileReference; fileEncoding = 4; lastKnownFileType = sourcecode.swift; path = CircleTransform.swift; sourceTree = "<group>"; };
		BC8832E520D181F000B88EAF /* BlurFacesTransform.swift */ = {isa = PBXFileReference; fileEncoding = 4; lastKnownFileType = sourcecode.swift; path = BlurFacesTransform.swift; sourceTree = "<group>"; };
		BC8832E620D181F000B88EAF /* CoverFacesTransformExtension.swift */ = {isa = PBXFileReference; fileEncoding = 4; lastKnownFileType = sourcecode.swift; path = CoverFacesTransformExtension.swift; sourceTree = "<group>"; };
		BC8832E920D238B600B88EAF /* PixelateTransform.swift */ = {isa = PBXFileReference; lastKnownFileType = sourcecode.swift; path = PixelateTransform.swift; sourceTree = "<group>"; };
		BC8832EB20D239A900B88EAF /* OilPaintTransform.swift */ = {isa = PBXFileReference; lastKnownFileType = sourcecode.swift; path = OilPaintTransform.swift; sourceTree = "<group>"; };
		BC8832ED20D23A0A00B88EAF /* NegativeTransform.swift */ = {isa = PBXFileReference; lastKnownFileType = sourcecode.swift; path = NegativeTransform.swift; sourceTree = "<group>"; };
		BC8832EF20D264CF00B88EAF /* ModulateTransform.swift */ = {isa = PBXFileReference; lastKnownFileType = sourcecode.swift; path = ModulateTransform.swift; sourceTree = "<group>"; };
		BC8832F120D266F100B88EAF /* PartialPixelateTransform.swift */ = {isa = PBXFileReference; lastKnownFileType = sourcecode.swift; path = PartialPixelateTransform.swift; sourceTree = "<group>"; };
		BC8832F320D267B300B88EAF /* PartialBlurTransform.swift */ = {isa = PBXFileReference; lastKnownFileType = sourcecode.swift; path = PartialBlurTransform.swift; sourceTree = "<group>"; };
		BC8832F520D2680A00B88EAF /* PartialCoverTransformExtension.swift */ = {isa = PBXFileReference; lastKnownFileType = sourcecode.swift; path = PartialCoverTransformExtension.swift; sourceTree = "<group>"; };
		BC8832F720D27A7B00B88EAF /* ASCIITransform.swift */ = {isa = PBXFileReference; lastKnownFileType = sourcecode.swift; path = ASCIITransform.swift; sourceTree = "<group>"; };
		BC8832F920D3C90D00B88EAF /* CollageTransform.swift */ = {isa = PBXFileReference; lastKnownFileType = sourcecode.swift; path = CollageTransform.swift; sourceTree = "<group>"; };
		BC8832FB20D3D92C00B88EAF /* URLScreenshotTransform.swift */ = {isa = PBXFileReference; lastKnownFileType = sourcecode.swift; path = URLScreenshotTransform.swift; sourceTree = "<group>"; };
		BC8832FD20D3DBCA00B88EAF /* UpscaleTransform.swift */ = {isa = PBXFileReference; lastKnownFileType = sourcecode.swift; path = UpscaleTransform.swift; sourceTree = "<group>"; };
		BC8832FF20D3DCB600B88EAF /* TransformNoiseMode.swift */ = {isa = PBXFileReference; lastKnownFileType = sourcecode.swift; path = TransformNoiseMode.swift; sourceTree = "<group>"; };
		BC88330120D3DF7900B88EAF /* TransformStyleMode.swift */ = {isa = PBXFileReference; lastKnownFileType = sourcecode.swift; path = TransformStyleMode.swift; sourceTree = "<group>"; };
		BC88330420D3E08000B88EAF /* EnhanceTransform.swift */ = {isa = PBXFileReference; lastKnownFileType = sourcecode.swift; path = EnhanceTransform.swift; sourceTree = "<group>"; };
		BC88330620D3E0E600B88EAF /* RedEyeRemovalTransform.swift */ = {isa = PBXFileReference; lastKnownFileType = sourcecode.swift; path = RedEyeRemovalTransform.swift; sourceTree = "<group>"; };
		BC88330A20D3E36A00B88EAF /* TransformFiletype.swift */ = {isa = PBXFileReference; lastKnownFileType = sourcecode.swift; path = TransformFiletype.swift; sourceTree = "<group>"; };
		BC88330C20D3EB7800B88EAF /* CompressTransform.swift */ = {isa = PBXFileReference; lastKnownFileType = sourcecode.swift; path = CompressTransform.swift; sourceTree = "<group>"; };
		BC88330E20D3EC6300B88EAF /* ProgressiveJPEGTransform.swift */ = {isa = PBXFileReference; lastKnownFileType = sourcecode.swift; path = ProgressiveJPEGTransform.swift; sourceTree = "<group>"; };
		BC88331020D3EE0400B88EAF /* CacheTransform.swift */ = {isa = PBXFileReference; lastKnownFileType = sourcecode.swift; path = CacheTransform.swift; sourceTree = "<group>"; };
		BCDB405120A9A87C00148136 /* MultifileUpload.swift */ = {isa = PBXFileReference; lastKnownFileType = sourcecode.swift; path = MultifileUpload.swift; sourceTree = "<group>"; };
/* End PBXFileReference section */

/* Begin PBXFrameworksBuildPhase section */
		45B830971F03B27A0053742A /* Frameworks */ = {
			isa = PBXFrameworksBuildPhase;
			buildActionMask = 2147483647;
			files = (
				45690CD222A65FE800285F62 /* Alamofire.framework in Frameworks */,
				45690CD322A65FE800285F62 /* CryptoSwift.framework in Frameworks */,
			);
			runOnlyForDeploymentPostprocessing = 0;
		};
		45B8310A1F03D8140053742A /* Frameworks */ = {
			isa = PBXFrameworksBuildPhase;
			buildActionMask = 2147483647;
			files = (
				45B831121F03D8140053742A /* FilestackSDK.framework in Frameworks */,
				45690CD422A6600400285F62 /* OHHTTPStubs.framework in Frameworks */,
			);
			runOnlyForDeploymentPostprocessing = 0;
		};
/* End PBXFrameworksBuildPhase section */

/* Begin PBXGroup section */
		4502F71E1F1F4C28000875D6 /* Operations */ = {
			isa = PBXGroup;
			children = (
				4502F7321F1F4D20000875D6 /* BaseOperation.swift */,
				45E07AA922AFA58000CD4573 /* MultipartInteligentUploadSubmitPartOperation.swift */,
				45E07AA822AFA58000CD4573 /* MultipartRegularUploadSubmitPartOperation.swift */,
				4528C7451F2F24FB00A4BEF6 /* MultipartUploadCommitOperation.swift */,
				456FF4C01F27799D00E9F192 /* MultipartUploadCompleteOperation.swift */,
				4502F7301F1F4C3A000875D6 /* MultipartUploadStartOperation.swift */,
				459E61ED1F31BBEF00237EA1 /* MultipartuploadSubmitChunkOperation.swift */,
				45965C6A1F20C47B005689BA /* MultipartUploadSubmitPartOperation.swift */,
			);
			path = Operations;
			sourceTree = "<group>";
		};
		452055431F4B192000A6795D /* Transforms */ = {
			isa = PBXGroup;
			children = (
				BC8832F720D27A7B00B88EAF /* ASCIITransform.swift */,
				BC8832B520D181A600B88EAF /* AVTransform.swift */,
				BC8832BB20D181A600B88EAF /* BlackAndWhiteTransform.swift */,
				BC8832E520D181F000B88EAF /* BlurFacesTransform.swift */,
				BC8832BA20D181A600B88EAF /* BlurTransform.swift */,
				BC8832B720D181A600B88EAF /* BorderTransform.swift */,
				BC88331020D3EE0400B88EAF /* CacheTransform.swift */,
				BC8832CB20D181A700B88EAF /* CircleTransform.swift */,
				BC8832F920D3C90D00B88EAF /* CollageTransform.swift */,
				BC88330C20D3EB7800B88EAF /* CompressTransform.swift */,
				BC8832B920D181A600B88EAF /* ConvertTransform.swift */,
				BC8832B620D181A600B88EAF /* CropFacesTransform.swift */,
				BC8832BC20D181A600B88EAF /* CropTransform.swift */,
				BC8832C220D181A700B88EAF /* DetectFacesTransform.swift */,
				45A07B3022B91A52003128B0 /* DocumentDetectionTransform.swift */,
				BC88330420D3E08000B88EAF /* EnhanceTransform.swift */,
				4596206D22BA30B300D58036 /* FallbackTransform.swift */,
				BC8832BD20D181A600B88EAF /* FlipTransform.swift */,
				BC8832C420D181A700B88EAF /* FlopTransform.swift */,
				4596206F22BA338E00D58036 /* ImageSizeTransform.swift */,
				BC8832EF20D264CF00B88EAF /* ModulateTransform.swift */,
				BC8832BE20D181A600B88EAF /* MonochromeTransform.swift */,
				BC8832ED20D23A0A00B88EAF /* NegativeTransform.swift */,
				BC8832C120D181A600B88EAF /* NoMetadataTransform.swift */,
				BC8832EB20D239A900B88EAF /* OilPaintTransform.swift */,
				BC8832F320D267B300B88EAF /* PartialBlurTransform.swift */,
				BC8832F120D266F100B88EAF /* PartialPixelateTransform.swift */,
				454B22F422B8E3F400A7A93E /* PDFConvertTransform.swift */,
				454B22F222B8DD0C00A7A93E /* PDFInfoTransform.swift */,
				454B22F622B8F41000A7A93E /* PDFMonochromeTransform.swift */,
				BC8832C020D181A600B88EAF /* PixelateFacesTransform.swift */,
				BC8832E920D238B600B88EAF /* PixelateTransform.swift */,
				BC8832B320D181A600B88EAF /* PolaroidTransform.swift */,
				BC88330E20D3EC6300B88EAF /* ProgressiveJPEGTransform.swift */,
				BC8832C920D181A700B88EAF /* QualityTransform.swift */,
				BC88330620D3E0E600B88EAF /* RedEyeRemovalTransform.swift */,
				BC8832C820D181A700B88EAF /* ResizeTransform.swift */,
				452055411F4B191900A6795D /* RotateTransform.swift */,
				BC8832C620D181A700B88EAF /* RoundedCornersTransform.swift */,
				BC27300520DA7D1B00142174 /* SecureForWorkTransform.swift */,
				BC8832B820D181A600B88EAF /* SepiaTransform.swift */,
				BC8832BF20D181A600B88EAF /* ShadowTransform.swift */,
				BC8832C320D181A700B88EAF /* SharpenTransform.swift */,
				BC27301920DA806200142174 /* TagsTransform.swift */,
				BC8832C520D181A700B88EAF /* TornEdgesTransform.swift */,
				BC8832CA20D181A700B88EAF /* Transform.swift */,
				BC8832FD20D3DBCA00B88EAF /* UpscaleTransform.swift */,
				BC8832FB20D3D92C00B88EAF /* URLScreenshotTransform.swift */,
				BC8832C720D181A700B88EAF /* VignetteTransform.swift */,
				BC8832B420D181A600B88EAF /* WatermarkTransform.swift */,
				458D66CC1F4B31E4001770FB /* ZipTransform.swift */,
				4596207122BA38AA00D58036 /* Extensions */,
			);
			path = Transforms;
			sourceTree = "<group>";
		};
		454CC1C91F0D1151005821AC /* Extensions */ = {
			isa = PBXGroup;
			children = (
				45050F4B1F2B49C100B4E3C3 /* Data+Base64MD5Digest.swift */,
				454CC1CA1F0D1160005821AC /* SessionManager+filestackDefault.swift */,
				45D99F2E1F14EDD400CE709F /* UIColor+hexString.swift */,
				45341A8C1F1E170C00DC7B79 /* URL+mimeType.swift */,
				458256141F1E1C860009185C /* URL+size.swift */,
			);
			path = Extensions;
			sourceTree = "<group>";
		};
		457D5BDA1F16144B00FBD5B1 /* Enums */ = {
			isa = PBXGroup;
			children = (
				458D66F01F4B598C001770FB /* FSMetadataOptions.h */,
				4520553F1F4AE7B900A6795D /* FSPolicyCall.h */,
				458D66EC1F4B4EC2001770FB /* FSTransformPosition.h */,
				45C3EA0E1F262ED30003598D /* MetadataOptions.swift */,
				457D5BF21F1614D400FBD5B1 /* PolicyCall.swift */,
				45C8F2071F18B3AF001A6558 /* StorageAccess.swift */,
				4589A45E1F0A3B5500C39405 /* StorageLocation.swift */,
				457D5BF01F1614A800FBD5B1 /* TransformAlign.swift */,
				45C8F2051F18B279001A6558 /* TransformAspectMode.swift */,
				4579CD3D1F1764A500DCF37A /* TransformBlurMode.swift */,
				452D715E1F17A51B0037E1BB /* TransformColorSpace.swift */,
				455266301F1618E1009537D9 /* TransformCropMode.swift */,
				BC88330A20D3E36A00B88EAF /* TransformFiletype.swift */,
				457D5BEE1F16147E00FBD5B1 /* TransformFit.swift */,
				BC8832FF20D3DCB600B88EAF /* TransformNoiseMode.swift */,
				452D715A1F17A49D0037E1BB /* TransformPageFormat.swift */,
				452D715C1F17A4DB0037E1BB /* TransformPageOrientation.swift */,
				450E433B1F161DE500E46B56 /* TransformShapeType.swift */,
				BC88330120D3DF7900B88EAF /* TransformStyleMode.swift */,
				457D5BEC1F16146B00FBD5B1 /* TransformPosition.swift */,
			);
			path = Enums;
			sourceTree = "<group>";
		};
		4589A46C1F0A426700C39405 /* Misc */ = {
			isa = PBXGroup;
			children = (
				454CC1C71F0D10D2005821AC /* BundleInfo.swift */,
				4589A4871F0A4B1900C39405 /* Config.swift */,
				45FA0CC71F0B86AD008EDBCD /* Globals.swift */,
			);
			name = Misc;
			sourceTree = "<group>";
		};
		4596207122BA38AA00D58036 /* Extensions */ = {
			isa = PBXGroup;
			children = (
				BC8832E620D181F000B88EAF /* CoverFacesTransformExtension.swift */,
				BC8832F520D2680A00B88EAF /* PartialCoverTransformExtension.swift */,
			);
			path = Extensions;
			sourceTree = "<group>";
		};
		45B830911F03B27A0053742A = {
			isa = PBXGroup;
			children = (
				4577DD4122A6A17700FEF43C /* CONTRIBUTING.md */,
				45690CFF22A6770D00285F62 /* README.md */,
				45B830A61F03B3210053742A /* Carthage Dependencies */,
				45B8309D1F03B27A0053742A /* FilestackSDK */,
				45B8310E1F03D8140053742A /* FilestackSDKTests */,
				45E2B7DE1FC3284600448ED2 /* Frameworks */,
				45B8309C1F03B27A0053742A /* Products */,
			);
			sourceTree = "<group>";
		};
		45B8309C1F03B27A0053742A /* Products */ = {
			isa = PBXGroup;
			children = (
				45B8309B1F03B27A0053742A /* FilestackSDK.framework */,
				45B8310D1F03D8140053742A /* FilestackSDKTests.xctest */,
			);
			name = Products;
			sourceTree = "<group>";
		};
		45B8309D1F03B27A0053742A /* FilestackSDK */ = {
			isa = PBXGroup;
			children = (
				45B8309E1F03B27A0053742A /* FilestackSDK.h */,
				45B8309F1F03B27A0053742A /* Info.plist */,
				457D5BDA1F16144B00FBD5B1 /* Enums */,
				454CC1C91F0D1151005821AC /* Extensions */,
				4589A46C1F0A426700C39405 /* Misc */,
				45B830DE1F03BCF20053742A /* Models */,
				4502F71E1F1F4C28000875D6 /* Operations */,
				45FA0CC91F0B86B6008EDBCD /* Services */,
				452055431F4B192000A6795D /* Transforms */,
			);
			path = FilestackSDK;
			sourceTree = "<group>";
		};
		45B830A61F03B3210053742A /* Carthage Dependencies */ = {
			isa = PBXGroup;
			children = (
				45B830CA1F03BB6D0053742A /* Cartfile */,
				45690CCC22A65FC500285F62 /* Alamofire.framework */,
				45690CB922A65FC500285F62 /* CryptoSwift.framework */,
				45690CCD22A65FC500285F62 /* OHHTTPStubs.framework */,
			);
			name = "Carthage Dependencies";
			sourceTree = "<group>";
		};
		45B830DE1F03BCF20053742A /* Models */ = {
			isa = PBXGroup;
			children = (
				45B831211F03F1C90053742A /* Client.swift */,
				4589A4891F0A4DA600C39405 /* FileLink.swift */,
				45107C8B1F4D6ADC00250ABE /* MultipartUpload.swift */,
				BCDB405120A9A87C00148136 /* MultifileUpload.swift */,
				45F9B8C51F0BA02F00E04380 /* NetworkDataResponse.swift */,
				454CC1AC1F0CD8D5005821AC /* NetworkDownloadResponse.swift */,
				4548CA481F1CBE58009FDBEF /* NetworkJSONResponse.swift */,
				45B830E01F03BCF20053742A /* Policy.swift */,
				45B830E11F03BCF20053742A /* Security.swift */,
				4512EB801FA7655F003A8C38 /* StorageOptions.swift */,
				45C9E93A1F137EB200260F2A /* Transformable.swift */,
			);
			path = Models;
			sourceTree = "<group>";
		};
		45B8310E1F03D8140053742A /* FilestackSDKTests */ = {
			isa = PBXGroup;
			children = (
				45B831111F03D8140053742A /* Info.plist */,
				45B831231F03F4300053742A /* ClientTests.swift */,
				4589A48B1F0A4DBC00C39405 /* FileLinkTests.swift */,
				45107C9F1F4D6B0E00250ABE /* MultipartUploadTests.swift */,
				45C3BB251F0E9B3500856883 /* NetworkingServiceTest.swift */,
				45B831181F03DA280053742A /* PolicyTests.swift */,
				45B8311D1F03E2890053742A /* SecurityTests.swift */,
				45B8311F1F03E52B0053742A /* Seeds.swift */,
				454CC1C51F0CF932005821AC /* SessionManagerTests.swift */,
				45C9E94D1F1384B200260F2A /* TransformableTests.swift */,
				45341A9F1F1E17C400DC7B79 /* URLMimeTypeTests.swift */,
				458256161F1E1D330009185C /* URLSizeTests.swift */,
				45FA0CCE1F0B8841008EDBCD /* Fixtures */,
			);
			path = FilestackSDKTests;
			sourceTree = "<group>";
		};
		45E2B7DE1FC3284600448ED2 /* Frameworks */ = {
			isa = PBXGroup;
			children = (
			);
			name = Frameworks;
			sourceTree = "<group>";
		};
		45FA0CC91F0B86B6008EDBCD /* Services */ = {
			isa = PBXGroup;
			children = (
				45513FF91F0E9739006DB972 /* APIService.swift */,
				45FA0CCB1F0B86B6008EDBCD /* CDNService.swift */,
				4551400C1F0E97E2006DB972 /* NetworkingService.swift */,
				45991FA31F14C1DD0042A279 /* ProcessService.swift */,
				4502F7361F1F540F000875D6 /* UploadService.swift */,
			);
			path = Services;
			sourceTree = "<group>";
		};
		45FA0CCE1F0B8841008EDBCD /* Fixtures */ = {
			isa = PBXGroup;
			children = (
				456FF4C21F27902500E9F192 /* large.jpg */,
				45F9B8C31F0B941300E04380 /* sample.jpg */,
			);
			name = Fixtures;
			sourceTree = "<group>";
		};
/* End PBXGroup section */

/* Begin PBXHeadersBuildPhase section */
		45B830981F03B27A0053742A /* Headers */ = {
			isa = PBXHeadersBuildPhase;
			buildActionMask = 2147483647;
			files = (
				45B830A01F03B27A0053742A /* FilestackSDK.h in Headers */,
				452055401F4AE87D00A6795D /* FSPolicyCall.h in Headers */,
				458D66ED1F4B5020001770FB /* FSTransformPosition.h in Headers */,
				458D66F11F4B5A81001770FB /* FSMetadataOptions.h in Headers */,
			);
			runOnlyForDeploymentPostprocessing = 0;
		};
/* End PBXHeadersBuildPhase section */

/* Begin PBXNativeTarget section */
		45B8309A1F03B27A0053742A /* FilestackSDK */ = {
			isa = PBXNativeTarget;
			buildConfigurationList = 45B830A31F03B27A0053742A /* Build configuration list for PBXNativeTarget "FilestackSDK" */;
			buildPhases = (
				45CDA04C22C666E4008DF3F4 /* Run SwiftFormat */,
				45B830961F03B27A0053742A /* Sources */,
				45B830971F03B27A0053742A /* Frameworks */,
				45B830981F03B27A0053742A /* Headers */,
				45B830991F03B27A0053742A /* Resources */,
				454CC1C11F0CEEA5005821AC /* Set Version and Build Number */,
			);
			buildRules = (
			);
			dependencies = (
			);
			name = FilestackSDK;
			productName = FilestackSDK;
			productReference = 45B8309B1F03B27A0053742A /* FilestackSDK.framework */;
			productType = "com.apple.product-type.framework";
		};
		45B8310C1F03D8140053742A /* FilestackSDKTests */ = {
			isa = PBXNativeTarget;
			buildConfigurationList = 45B831151F03D8140053742A /* Build configuration list for PBXNativeTarget "FilestackSDKTests" */;
			buildPhases = (
				45B831091F03D8140053742A /* Sources */,
				45B8310A1F03D8140053742A /* Frameworks */,
				45B8310B1F03D8140053742A /* Resources */,
				45E07AAF22AFC14600CD4573 /* Copy Embedded Frameworks */,
			);
			buildRules = (
			);
			dependencies = (
				45B831141F03D8140053742A /* PBXTargetDependency */,
			);
			name = FilestackSDKTests;
			productName = FilestackSDKTests;
			productReference = 45B8310D1F03D8140053742A /* FilestackSDKTests.xctest */;
			productType = "com.apple.product-type.bundle.unit-test";
		};
/* End PBXNativeTarget section */

/* Begin PBXProject section */
		45B830921F03B27A0053742A /* Project object */ = {
			isa = PBXProject;
			attributes = {
				LastSwiftUpdateCheck = 0830;
				LastUpgradeCheck = 1020;
				ORGANIZATIONNAME = Filestack;
				TargetAttributes = {
					45B8309A1F03B27A0053742A = {
						CreatedOnToolsVersion = 8.3.3;
						LastSwiftMigration = 0830;
						ProvisioningStyle = Automatic;
					};
					45B8310C1F03D8140053742A = {
						CreatedOnToolsVersion = 8.3.3;
						DevelopmentTeam = ZBJR46PSPF;
						LastSwiftMigration = 0920;
						ProvisioningStyle = Automatic;
					};
				};
			};
			buildConfigurationList = 45B830951F03B27A0053742A /* Build configuration list for PBXProject "FilestackSDK" */;
			compatibilityVersion = "Xcode 3.2";
			developmentRegion = en;
			hasScannedForEncodings = 0;
			knownRegions = (
				en,
				Base,
			);
			mainGroup = 45B830911F03B27A0053742A;
			productRefGroup = 45B8309C1F03B27A0053742A /* Products */;
			projectDirPath = "";
			projectRoot = "";
			targets = (
				45B8309A1F03B27A0053742A /* FilestackSDK */,
				45B8310C1F03D8140053742A /* FilestackSDKTests */,
			);
		};
/* End PBXProject section */

/* Begin PBXResourcesBuildPhase section */
		45B830991F03B27A0053742A /* Resources */ = {
			isa = PBXResourcesBuildPhase;
			buildActionMask = 2147483647;
			files = (
				45B830CB1F03BB6D0053742A /* Cartfile in Resources */,
			);
			runOnlyForDeploymentPostprocessing = 0;
		};
		45B8310B1F03D8140053742A /* Resources */ = {
			isa = PBXResourcesBuildPhase;
			buildActionMask = 2147483647;
			files = (
				45F9B8C41F0B941300E04380 /* sample.jpg in Resources */,
				456FF4C31F2790C800E9F192 /* large.jpg in Resources */,
			);
			runOnlyForDeploymentPostprocessing = 0;
		};
/* End PBXResourcesBuildPhase section */

/* Begin PBXShellScriptBuildPhase section */
		454CC1C11F0CEEA5005821AC /* Set Version and Build Number */ = {
			isa = PBXShellScriptBuildPhase;
			buildActionMask = 2147483647;
			files = (
			);
			inputPaths = (
			);
			name = "Set Version and Build Number";
			outputPaths = (
			);
			runOnlyForDeploymentPostprocessing = 0;
			shellPath = /bin/sh;
			shellScript = "$SRCROOT/bin/set-buildnumber.sh\n$SRCROOT/bin/set-version.sh\n";
		};
		45CDA04C22C666E4008DF3F4 /* Run SwiftFormat */ = {
			isa = PBXShellScriptBuildPhase;
			buildActionMask = 2147483647;
			files = (
			);
			inputFileListPaths = (
			);
			inputPaths = (
			);
			name = "Run SwiftFormat";
			outputFileListPaths = (
			);
			outputPaths = (
			);
			runOnlyForDeploymentPostprocessing = 0;
			shellPath = /bin/sh;
			shellScript = "$SRCROOT/bin/apply-swiftformat.sh\n";
		};
/* End PBXShellScriptBuildPhase section */

/* Begin PBXSourcesBuildPhase section */
		45B830961F03B27A0053742A /* Sources */ = {
			isa = PBXSourcesBuildPhase;
			buildActionMask = 2147483647;
			files = (
				458D66CD1F4B31E4001770FB /* ZipTransform.swift in Sources */,
				4551400D1F0E97E2006DB972 /* NetworkingService.swift in Sources */,
				458256151F1E1C860009185C /* URL+size.swift in Sources */,
				45F9B8C61F0BA02F00E04380 /* NetworkDataResponse.swift in Sources */,
				45B830E31F03BCF20053742A /* Policy.swift in Sources */,
				BC8832D720D181A700B88EAF /* MonochromeTransform.swift in Sources */,
				BC8832E120D181A700B88EAF /* ResizeTransform.swift in Sources */,
				BC88330F20D3EC6300B88EAF /* ProgressiveJPEGTransform.swift in Sources */,
				45E07AAA22AFA58000CD4573 /* MultipartRegularUploadSubmitPartOperation.swift in Sources */,
				450E433C1F161DE500E46B56 /* TransformShapeType.swift in Sources */,
				BC8832D520D181A700B88EAF /* CropTransform.swift in Sources */,
				452055421F4B191900A6795D /* RotateTransform.swift in Sources */,
				4596206E22BA30B300D58036 /* FallbackTransform.swift in Sources */,
				BC8832DE20D181A700B88EAF /* TornEdgesTransform.swift in Sources */,
				BC8832D020D181A700B88EAF /* BorderTransform.swift in Sources */,
				BC8832F220D266F100B88EAF /* PartialPixelateTransform.swift in Sources */,
				4589A48A1F0A4DA600C39405 /* FileLink.swift in Sources */,
				45C8F2061F18B279001A6558 /* TransformAspectMode.swift in Sources */,
				4502F7371F1F540F000875D6 /* UploadService.swift in Sources */,
				BC88330020D3DCB600B88EAF /* TransformNoiseMode.swift in Sources */,
				459E61EE1F31BBEF00237EA1 /* MultipartuploadSubmitChunkOperation.swift in Sources */,
				BC27301A20DA806200142174 /* TagsTransform.swift in Sources */,
				4589A45F1F0A3B5500C39405 /* StorageLocation.swift in Sources */,
				45C9E93B1F137EB200260F2A /* Transformable.swift in Sources */,
				BC8832EC20D239A900B88EAF /* OilPaintTransform.swift in Sources */,
				457D5BF11F1614A800FBD5B1 /* TransformAlign.swift in Sources */,
				454B22F522B8E3F400A7A93E /* PDFConvertTransform.swift in Sources */,
				BC8832F020D264CF00B88EAF /* ModulateTransform.swift in Sources */,
				BC88330720D3E0E600B88EAF /* RedEyeRemovalTransform.swift in Sources */,
				45107C8C1F4D6ADC00250ABE /* MultipartUpload.swift in Sources */,
				BC8832EE20D23A0A00B88EAF /* NegativeTransform.swift in Sources */,
				456FF4C11F27799D00E9F192 /* MultipartUploadCompleteOperation.swift in Sources */,
				4579CD3E1F1764A500DCF37A /* TransformBlurMode.swift in Sources */,
				454B22F722B8F41000A7A93E /* PDFMonochromeTransform.swift in Sources */,
				45C8F2081F18B3AF001A6558 /* StorageAccess.swift in Sources */,
				BC27300620DA7D1B00142174 /* SecureForWorkTransform.swift in Sources */,
				45B830E41F03BCF20053742A /* Security.swift in Sources */,
				BC88330D20D3EB7800B88EAF /* CompressTransform.swift in Sources */,
				BC8832FA20D3C90D00B88EAF /* CollageTransform.swift in Sources */,
				BC88330520D3E08000B88EAF /* EnhanceTransform.swift in Sources */,
				BC8832D820D181A700B88EAF /* ShadowTransform.swift in Sources */,
				4528C7461F2F24FB00A4BEF6 /* MultipartUploadCommitOperation.swift in Sources */,
				BC8832D420D181A700B88EAF /* BlackAndWhiteTransform.swift in Sources */,
				4502F7311F1F4C3A000875D6 /* MultipartUploadStartOperation.swift in Sources */,
				BC8832F620D2680A00B88EAF /* PartialCoverTransformExtension.swift in Sources */,
				BC8832DA20D181A700B88EAF /* NoMetadataTransform.swift in Sources */,
				BC8832DF20D181A700B88EAF /* RoundedCornersTransform.swift in Sources */,
				457D5BED1F16146B00FBD5B1 /* TransformPosition.swift in Sources */,
				BC8832FC20D3D92C00B88EAF /* URLScreenshotTransform.swift in Sources */,
				457D5BF31F1614D400FBD5B1 /* PolicyCall.swift in Sources */,
				454CC1AD1F0CD8D5005821AC /* NetworkDownloadResponse.swift in Sources */,
				BC8832E220D181A700B88EAF /* QualityTransform.swift in Sources */,
				BC8832DB20D181A700B88EAF /* DetectFacesTransform.swift in Sources */,
				45A07B3122B91A52003128B0 /* DocumentDetectionTransform.swift in Sources */,
				BC8832D620D181A700B88EAF /* FlipTransform.swift in Sources */,
				454B22F322B8DD0C00A7A93E /* PDFInfoTransform.swift in Sources */,
				BC8832E020D181A700B88EAF /* VignetteTransform.swift in Sources */,
				45965C6B1F20C47B005689BA /* MultipartUploadSubmitPartOperation.swift in Sources */,
				BC8832EA20D238B600B88EAF /* PixelateTransform.swift in Sources */,
				BC8832E720D181F000B88EAF /* BlurFacesTransform.swift in Sources */,
				45050F4C1F2B49C100B4E3C3 /* Data+Base64MD5Digest.swift in Sources */,
				455266311F1618E1009537D9 /* TransformCropMode.swift in Sources */,
				BC88330B20D3E36A00B88EAF /* TransformFiletype.swift in Sources */,
				BC88331120D3EE0400B88EAF /* CacheTransform.swift in Sources */,
				452D715D1F17A4DB0037E1BB /* TransformPageOrientation.swift in Sources */,
				45FA0CC81F0B86AD008EDBCD /* Globals.swift in Sources */,
				452D715F1F17A51B0037E1BB /* TransformColorSpace.swift in Sources */,
				BC8832F420D267B300B88EAF /* PartialBlurTransform.swift in Sources */,
				BC8832D220D181A700B88EAF /* ConvertTransform.swift in Sources */,
				BC8832FE20D3DBCA00B88EAF /* UpscaleTransform.swift in Sources */,
				454CC1C81F0D10D2005821AC /* BundleInfo.swift in Sources */,
				BCDB405220A9A87C00148136 /* MultifileUpload.swift in Sources */,
				45E07AAB22AFA58000CD4573 /* MultipartInteligentUploadSubmitPartOperation.swift in Sources */,
				45341A8D1F1E170C00DC7B79 /* URL+mimeType.swift in Sources */,
				BC8832E420D181A700B88EAF /* CircleTransform.swift in Sources */,
				BC8832E820D181F000B88EAF /* CoverFacesTransformExtension.swift in Sources */,
				BC88330220D3DF7900B88EAF /* TransformStyleMode.swift in Sources */,
				45513FFA1F0E9739006DB972 /* APIService.swift in Sources */,
				4548CA491F1CBE58009FDBEF /* NetworkJSONResponse.swift in Sources */,
				45FA0CCD1F0B86B6008EDBCD /* CDNService.swift in Sources */,
				4512EB811FA7655F003A8C38 /* StorageOptions.swift in Sources */,
				454CC1CB1F0D1160005821AC /* SessionManager+filestackDefault.swift in Sources */,
				BC8832E320D181A700B88EAF /* Transform.swift in Sources */,
				BC8832CC20D181A700B88EAF /* PolaroidTransform.swift in Sources */,
				45D99F2F1F14EDD400CE709F /* UIColor+hexString.swift in Sources */,
				4596207022BA338E00D58036 /* ImageSizeTransform.swift in Sources */,
				BC8832D120D181A700B88EAF /* SepiaTransform.swift in Sources */,
				4502F7331F1F4D20000875D6 /* BaseOperation.swift in Sources */,
				4589A4881F0A4B1900C39405 /* Config.swift in Sources */,
				BC8832D320D181A700B88EAF /* BlurTransform.swift in Sources */,
				45991FA41F14C1DD0042A279 /* ProcessService.swift in Sources */,
				BC8832DC20D181A700B88EAF /* SharpenTransform.swift in Sources */,
				457D5BEF1F16147E00FBD5B1 /* TransformFit.swift in Sources */,
				452D715B1F17A49D0037E1BB /* TransformPageFormat.swift in Sources */,
				BC8832CD20D181A700B88EAF /* WatermarkTransform.swift in Sources */,
				BC8832CE20D181A700B88EAF /* AVTransform.swift in Sources */,
				BC8832DD20D181A700B88EAF /* FlopTransform.swift in Sources */,
				BC8832CF20D181A700B88EAF /* CropFacesTransform.swift in Sources */,
				BC8832F820D27A7B00B88EAF /* ASCIITransform.swift in Sources */,
				BC8832D920D181A700B88EAF /* PixelateFacesTransform.swift in Sources */,
				45B831221F03F1C90053742A /* Client.swift in Sources */,
				45C3EA0F1F262ED30003598D /* MetadataOptions.swift in Sources */,
			);
			runOnlyForDeploymentPostprocessing = 0;
		};
		45B831091F03D8140053742A /* Sources */ = {
			isa = PBXSourcesBuildPhase;
			buildActionMask = 2147483647;
			files = (
				45B831191F03DA280053742A /* PolicyTests.swift in Sources */,
				4589A48C1F0A4DBC00C39405 /* FileLinkTests.swift in Sources */,
				458256171F1E1D330009185C /* URLSizeTests.swift in Sources */,
				45C3BB261F0E9B3500856883 /* NetworkingServiceTest.swift in Sources */,
				454CC1C61F0CF932005821AC /* SessionManagerTests.swift in Sources */,
				45B8311E1F03E2890053742A /* SecurityTests.swift in Sources */,
				45341AA01F1E17C400DC7B79 /* URLMimeTypeTests.swift in Sources */,
				45107CA01F4D6B0E00250ABE /* MultipartUploadTests.swift in Sources */,
				45B831241F03F4300053742A /* ClientTests.swift in Sources */,
				45C9E94E1F1384B200260F2A /* TransformableTests.swift in Sources */,
				45B831201F03E52B0053742A /* Seeds.swift in Sources */,
			);
			runOnlyForDeploymentPostprocessing = 0;
		};
/* End PBXSourcesBuildPhase section */

/* Begin PBXTargetDependency section */
		45B831141F03D8140053742A /* PBXTargetDependency */ = {
			isa = PBXTargetDependency;
			target = 45B8309A1F03B27A0053742A /* FilestackSDK */;
			targetProxy = 45B831131F03D8140053742A /* PBXContainerItemProxy */;
		};
/* End PBXTargetDependency section */

/* Begin XCBuildConfiguration section */
		45B830A11F03B27A0053742A /* Debug */ = {
			isa = XCBuildConfiguration;
			buildSettings = {
				ALWAYS_SEARCH_USER_PATHS = NO;
				CLANG_ANALYZER_LOCALIZABILITY_NONLOCALIZED = YES;
				CLANG_ANALYZER_NONNULL = YES;
				CLANG_ANALYZER_NUMBER_OBJECT_CONVERSION = YES_AGGRESSIVE;
				CLANG_CXX_LANGUAGE_STANDARD = "gnu++0x";
				CLANG_CXX_LIBRARY = "libc++";
				CLANG_ENABLE_MODULES = YES;
				CLANG_ENABLE_OBJC_ARC = YES;
				CLANG_WARN_BLOCK_CAPTURE_AUTORELEASING = YES;
				CLANG_WARN_BOOL_CONVERSION = YES;
				CLANG_WARN_COMMA = YES;
				CLANG_WARN_CONSTANT_CONVERSION = YES;
				CLANG_WARN_DEPRECATED_OBJC_IMPLEMENTATIONS = YES;
				CLANG_WARN_DIRECT_OBJC_ISA_USAGE = YES_ERROR;
				CLANG_WARN_DOCUMENTATION_COMMENTS = YES;
				CLANG_WARN_EMPTY_BODY = YES;
				CLANG_WARN_ENUM_CONVERSION = YES;
				CLANG_WARN_INFINITE_RECURSION = YES;
				CLANG_WARN_INT_CONVERSION = YES;
				CLANG_WARN_NON_LITERAL_NULL_CONVERSION = YES;
				CLANG_WARN_OBJC_IMPLICIT_RETAIN_SELF = YES;
				CLANG_WARN_OBJC_LITERAL_CONVERSION = YES;
				CLANG_WARN_OBJC_ROOT_CLASS = YES_ERROR;
				CLANG_WARN_RANGE_LOOP_ANALYSIS = YES;
				CLANG_WARN_STRICT_PROTOTYPES = YES;
				CLANG_WARN_SUSPICIOUS_MOVE = YES;
				CLANG_WARN_UNREACHABLE_CODE = YES;
				CLANG_WARN__DUPLICATE_METHOD_MATCH = YES;
				"CODE_SIGN_IDENTITY[sdk=iphoneos*]" = "iPhone Developer";
				COPY_PHASE_STRIP = NO;
				CURRENT_PROJECT_VERSION = 1;
				DEBUG_INFORMATION_FORMAT = dwarf;
				ENABLE_STRICT_OBJC_MSGSEND = YES;
				ENABLE_TESTABILITY = YES;
				GCC_C_LANGUAGE_STANDARD = gnu99;
				GCC_DYNAMIC_NO_PIC = NO;
				GCC_NO_COMMON_BLOCKS = YES;
				GCC_OPTIMIZATION_LEVEL = 0;
				GCC_PREPROCESSOR_DEFINITIONS = (
					"DEBUG=1",
					"$(inherited)",
				);
				GCC_WARN_64_TO_32_BIT_CONVERSION = YES;
				GCC_WARN_ABOUT_MISSING_NEWLINE = YES;
				GCC_WARN_ABOUT_RETURN_TYPE = YES_ERROR;
				GCC_WARN_UNDECLARED_SELECTOR = YES;
				GCC_WARN_UNINITIALIZED_AUTOS = YES_AGGRESSIVE;
				GCC_WARN_UNUSED_FUNCTION = YES;
				GCC_WARN_UNUSED_PARAMETER = YES;
				GCC_WARN_UNUSED_VARIABLE = YES;
				IPHONEOS_DEPLOYMENT_TARGET = 11.0;
				MTL_ENABLE_DEBUG_INFO = YES;
				ONLY_ACTIVE_ARCH = YES;
				SDKROOT = iphoneos;
				SWIFT_ACTIVE_COMPILATION_CONDITIONS = DEBUG;
				SWIFT_OPTIMIZATION_LEVEL = "-Onone";
				SWIFT_VERSION = 4.2;
				TARGETED_DEVICE_FAMILY = "1,2";
				VERSIONING_SYSTEM = "apple-generic";
				VERSION_INFO_PREFIX = "";
			};
			name = Debug;
		};
		45B830A21F03B27A0053742A /* Release */ = {
			isa = XCBuildConfiguration;
			buildSettings = {
				ALWAYS_SEARCH_USER_PATHS = NO;
				CLANG_ANALYZER_LOCALIZABILITY_NONLOCALIZED = YES;
				CLANG_ANALYZER_NONNULL = YES;
				CLANG_ANALYZER_NUMBER_OBJECT_CONVERSION = YES_AGGRESSIVE;
				CLANG_CXX_LANGUAGE_STANDARD = "gnu++0x";
				CLANG_CXX_LIBRARY = "libc++";
				CLANG_ENABLE_MODULES = YES;
				CLANG_ENABLE_OBJC_ARC = YES;
				CLANG_WARN_BLOCK_CAPTURE_AUTORELEASING = YES;
				CLANG_WARN_BOOL_CONVERSION = YES;
				CLANG_WARN_COMMA = YES;
				CLANG_WARN_CONSTANT_CONVERSION = YES;
				CLANG_WARN_DEPRECATED_OBJC_IMPLEMENTATIONS = YES;
				CLANG_WARN_DIRECT_OBJC_ISA_USAGE = YES_ERROR;
				CLANG_WARN_DOCUMENTATION_COMMENTS = YES;
				CLANG_WARN_EMPTY_BODY = YES;
				CLANG_WARN_ENUM_CONVERSION = YES;
				CLANG_WARN_INFINITE_RECURSION = YES;
				CLANG_WARN_INT_CONVERSION = YES;
				CLANG_WARN_NON_LITERAL_NULL_CONVERSION = YES;
				CLANG_WARN_OBJC_IMPLICIT_RETAIN_SELF = YES;
				CLANG_WARN_OBJC_LITERAL_CONVERSION = YES;
				CLANG_WARN_OBJC_ROOT_CLASS = YES_ERROR;
				CLANG_WARN_RANGE_LOOP_ANALYSIS = YES;
				CLANG_WARN_STRICT_PROTOTYPES = YES;
				CLANG_WARN_SUSPICIOUS_MOVE = YES;
				CLANG_WARN_UNREACHABLE_CODE = YES;
				CLANG_WARN__DUPLICATE_METHOD_MATCH = YES;
				"CODE_SIGN_IDENTITY[sdk=iphoneos*]" = "iPhone Developer";
				COPY_PHASE_STRIP = NO;
				CURRENT_PROJECT_VERSION = 1;
				DEBUG_INFORMATION_FORMAT = "dwarf-with-dsym";
				ENABLE_NS_ASSERTIONS = NO;
				ENABLE_STRICT_OBJC_MSGSEND = YES;
				GCC_C_LANGUAGE_STANDARD = gnu99;
				GCC_NO_COMMON_BLOCKS = YES;
				GCC_WARN_64_TO_32_BIT_CONVERSION = YES;
				GCC_WARN_ABOUT_MISSING_NEWLINE = YES;
				GCC_WARN_ABOUT_RETURN_TYPE = YES_ERROR;
				GCC_WARN_UNDECLARED_SELECTOR = YES;
				GCC_WARN_UNINITIALIZED_AUTOS = YES_AGGRESSIVE;
				GCC_WARN_UNUSED_FUNCTION = YES;
				GCC_WARN_UNUSED_PARAMETER = YES;
				GCC_WARN_UNUSED_VARIABLE = YES;
				IPHONEOS_DEPLOYMENT_TARGET = 11.0;
				MTL_ENABLE_DEBUG_INFO = NO;
				SDKROOT = iphoneos;
				SWIFT_OPTIMIZATION_LEVEL = "-Owholemodule";
				SWIFT_VERSION = 4.2;
				TARGETED_DEVICE_FAMILY = "1,2";
				VALIDATE_PRODUCT = YES;
				VERSIONING_SYSTEM = "apple-generic";
				VERSION_INFO_PREFIX = "";
			};
			name = Release;
		};
		45B830A41F03B27A0053742A /* Debug */ = {
			isa = XCBuildConfiguration;
			buildSettings = {
				CLANG_ENABLE_MODULES = YES;
				CODE_SIGN_IDENTITY = "";
				DEFINES_MODULE = YES;
				DYLIB_COMPATIBILITY_VERSION = 1;
				DYLIB_CURRENT_VERSION = 1;
				DYLIB_INSTALL_NAME_BASE = "@rpath";
				FRAMEWORK_SEARCH_PATHS = (
					"$(inherited)",
					"$(PROJECT_DIR)/Carthage/Build/iOS",
				);
				INFOPLIST_FILE = FilestackSDK/Info.plist;
				INSTALL_PATH = "$(LOCAL_LIBRARY_DIR)/Frameworks";
				LD_RUNPATH_SEARCH_PATHS = "$(inherited) @executable_path/Frameworks @loader_path/Frameworks";
				LLVM_LTO = YES_THIN;
				PRODUCT_BUNDLE_IDENTIFIER = com.filestack.FilestackSDK;
				PRODUCT_NAME = "$(TARGET_NAME)";
				SKIP_INSTALL = YES;
				SWIFT_OPTIMIZATION_LEVEL = "-Onone";
			};
			name = Debug;
		};
		45B830A51F03B27A0053742A /* Release */ = {
			isa = XCBuildConfiguration;
			buildSettings = {
				CLANG_ENABLE_MODULES = YES;
				CODE_SIGN_IDENTITY = "";
				DEFINES_MODULE = YES;
				DYLIB_COMPATIBILITY_VERSION = 1;
				DYLIB_CURRENT_VERSION = 1;
				DYLIB_INSTALL_NAME_BASE = "@rpath";
				FRAMEWORK_SEARCH_PATHS = (
					"$(inherited)",
					"$(PROJECT_DIR)/Carthage/Build/iOS",
				);
				INFOPLIST_FILE = FilestackSDK/Info.plist;
				INSTALL_PATH = "$(LOCAL_LIBRARY_DIR)/Frameworks";
				LD_RUNPATH_SEARCH_PATHS = "$(inherited) @executable_path/Frameworks @loader_path/Frameworks";
				LLVM_LTO = YES_THIN;
				PRODUCT_BUNDLE_IDENTIFIER = com.filestack.FilestackSDK;
				PRODUCT_NAME = "$(TARGET_NAME)";
				SKIP_INSTALL = YES;
			};
			name = Release;
		};
		45B831161F03D8140053742A /* Debug */ = {
			isa = XCBuildConfiguration;
			buildSettings = {
				DEVELOPMENT_TEAM = ZBJR46PSPF;
				FRAMEWORK_SEARCH_PATHS = (
					"$(inherited)",
					"$(PROJECT_DIR)/Carthage/Build/iOS",
				);
				INFOPLIST_FILE = FilestackSDKTests/Info.plist;
				LD_RUNPATH_SEARCH_PATHS = "$(inherited) @executable_path/Frameworks @loader_path/Frameworks";
				PRODUCT_BUNDLE_IDENTIFIER = com.filestack.FilestackSDKTests;
				PRODUCT_NAME = "$(TARGET_NAME)";
			};
			name = Debug;
		};
		45B831171F03D8140053742A /* Release */ = {
			isa = XCBuildConfiguration;
			buildSettings = {
				DEVELOPMENT_TEAM = ZBJR46PSPF;
				FRAMEWORK_SEARCH_PATHS = (
					"$(inherited)",
					"$(PROJECT_DIR)/Carthage/Build/iOS",
				);
				INFOPLIST_FILE = FilestackSDKTests/Info.plist;
				LD_RUNPATH_SEARCH_PATHS = "$(inherited) @executable_path/Frameworks @loader_path/Frameworks";
				PRODUCT_BUNDLE_IDENTIFIER = com.filestack.FilestackSDKTests;
				PRODUCT_NAME = "$(TARGET_NAME)";
			};
			name = Release;
		};
/* End XCBuildConfiguration section */

/* Begin XCConfigurationList section */
		45B830951F03B27A0053742A /* Build configuration list for PBXProject "FilestackSDK" */ = {
			isa = XCConfigurationList;
			buildConfigurations = (
				45B830A11F03B27A0053742A /* Debug */,
				45B830A21F03B27A0053742A /* Release */,
			);
			defaultConfigurationIsVisible = 0;
			defaultConfigurationName = Release;
		};
		45B830A31F03B27A0053742A /* Build configuration list for PBXNativeTarget "FilestackSDK" */ = {
			isa = XCConfigurationList;
			buildConfigurations = (
				45B830A41F03B27A0053742A /* Debug */,
				45B830A51F03B27A0053742A /* Release */,
			);
			defaultConfigurationIsVisible = 0;
			defaultConfigurationName = Release;
		};
		45B831151F03D8140053742A /* Build configuration list for PBXNativeTarget "FilestackSDKTests" */ = {
			isa = XCConfigurationList;
			buildConfigurations = (
				45B831161F03D8140053742A /* Debug */,
				45B831171F03D8140053742A /* Release */,
			);
			defaultConfigurationIsVisible = 0;
			defaultConfigurationName = Release;
		};
/* End XCConfigurationList section */
	};
	rootObject = 45B830921F03B27A0053742A /* Project object */;
}
