// !$*UTF8*$!
{
	archiveVersion = 1;
	classes = {
	};
	objectVersion = 46;
	objects = {

/* Begin PBXBuildFile section */
		4502F7311F1F4C3A000875D6 /* MultipartUploadStartOperation.swift in Sources */ = {isa = PBXBuildFile; fileRef = 4502F7301F1F4C3A000875D6 /* MultipartUploadStartOperation.swift */; };
		4502F7331F1F4D20000875D6 /* BaseOperation.swift in Sources */ = {isa = PBXBuildFile; fileRef = 4502F7321F1F4D20000875D6 /* BaseOperation.swift */; };
		4502F7371F1F540F000875D6 /* UploadService.swift in Sources */ = {isa = PBXBuildFile; fileRef = 4502F7361F1F540F000875D6 /* UploadService.swift */; };
		45050F4C1F2B49C100B4E3C3 /* Data+Base64MD5Digest.swift in Sources */ = {isa = PBXBuildFile; fileRef = 45050F4B1F2B49C100B4E3C3 /* Data+Base64MD5Digest.swift */; };
		450E433C1F161DE500E46B56 /* TransformPixelateFacesType.swift in Sources */ = {isa = PBXBuildFile; fileRef = 450E433B1F161DE500E46B56 /* TransformPixelateFacesType.swift */; };
		45107C8C1F4D6ADC00250ABE /* MultipartUpload.swift in Sources */ = {isa = PBXBuildFile; fileRef = 45107C8B1F4D6ADC00250ABE /* MultipartUpload.swift */; };
		45107CA01F4D6B0E00250ABE /* MultipartUploadTests.swift in Sources */ = {isa = PBXBuildFile; fileRef = 45107C9F1F4D6B0E00250ABE /* MultipartUploadTests.swift */; };
		4512EB811FA7655F003A8C38 /* StorageOptions.swift in Sources */ = {isa = PBXBuildFile; fileRef = 4512EB801FA7655F003A8C38 /* StorageOptions.swift */; };
		452055401F4AE87D00A6795D /* FSPolicyCall.h in Headers */ = {isa = PBXBuildFile; fileRef = 4520553F1F4AE7B900A6795D /* FSPolicyCall.h */; settings = {ATTRIBUTES = (Public, ); }; };
		452055421F4B191900A6795D /* RotateTransform.swift in Sources */ = {isa = PBXBuildFile; fileRef = 452055411F4B191900A6795D /* RotateTransform.swift */; };
		452055451F4B263B00A6795D /* Transform.swift in Sources */ = {isa = PBXBuildFile; fileRef = 452055441F4B263B00A6795D /* Transform.swift */; };
		452055471F4B266F00A6795D /* ResizeTransform.swift in Sources */ = {isa = PBXBuildFile; fileRef = 452055461F4B266F00A6795D /* ResizeTransform.swift */; };
		4528C7461F2F24FB00A4BEF6 /* MultipartUploadCommitOperation.swift in Sources */ = {isa = PBXBuildFile; fileRef = 4528C7451F2F24FB00A4BEF6 /* MultipartUploadCommitOperation.swift */; };
		452D715B1F17A49D0037E1BB /* TransformPageFormat.swift in Sources */ = {isa = PBXBuildFile; fileRef = 452D715A1F17A49D0037E1BB /* TransformPageFormat.swift */; };
		452D715D1F17A4DB0037E1BB /* TransformPageOrientation.swift in Sources */ = {isa = PBXBuildFile; fileRef = 452D715C1F17A4DB0037E1BB /* TransformPageOrientation.swift */; };
		452D715F1F17A51B0037E1BB /* TransformColorSpace.swift in Sources */ = {isa = PBXBuildFile; fileRef = 452D715E1F17A51B0037E1BB /* TransformColorSpace.swift */; };
		45341A8D1F1E170C00DC7B79 /* URL+mimeType.swift in Sources */ = {isa = PBXBuildFile; fileRef = 45341A8C1F1E170C00DC7B79 /* URL+mimeType.swift */; };
		45341AA01F1E17C400DC7B79 /* URLMimeTypeTests.swift in Sources */ = {isa = PBXBuildFile; fileRef = 45341A9F1F1E17C400DC7B79 /* URLMimeTypeTests.swift */; };
		4548CA491F1CBE58009FDBEF /* NetworkJSONResponse.swift in Sources */ = {isa = PBXBuildFile; fileRef = 4548CA481F1CBE58009FDBEF /* NetworkJSONResponse.swift */; };
		454CC1AD1F0CD8D5005821AC /* NetworkDownloadResponse.swift in Sources */ = {isa = PBXBuildFile; fileRef = 454CC1AC1F0CD8D5005821AC /* NetworkDownloadResponse.swift */; };
		454CC1C61F0CF932005821AC /* SessionManagerTests.swift in Sources */ = {isa = PBXBuildFile; fileRef = 454CC1C51F0CF932005821AC /* SessionManagerTests.swift */; };
		454CC1C81F0D10D2005821AC /* BundleInfo.swift in Sources */ = {isa = PBXBuildFile; fileRef = 454CC1C71F0D10D2005821AC /* BundleInfo.swift */; };
		454CC1CB1F0D1160005821AC /* SessionManager+filestackDefault.swift in Sources */ = {isa = PBXBuildFile; fileRef = 454CC1CA1F0D1160005821AC /* SessionManager+filestackDefault.swift */; };
		45513FFA1F0E9739006DB972 /* APIService.swift in Sources */ = {isa = PBXBuildFile; fileRef = 45513FF91F0E9739006DB972 /* APIService.swift */; };
		4551400D1F0E97E2006DB972 /* NetworkingService.swift in Sources */ = {isa = PBXBuildFile; fileRef = 4551400C1F0E97E2006DB972 /* NetworkingService.swift */; };
		455266311F1618E1009537D9 /* TransformCropMode.swift in Sources */ = {isa = PBXBuildFile; fileRef = 455266301F1618E1009537D9 /* TransformCropMode.swift */; };
		456FF4C11F27799D00E9F192 /* MultipartUploadCompleteOperation.swift in Sources */ = {isa = PBXBuildFile; fileRef = 456FF4C01F27799D00E9F192 /* MultipartUploadCompleteOperation.swift */; };
		456FF4C31F2790C800E9F192 /* large.jpg in Resources */ = {isa = PBXBuildFile; fileRef = 456FF4C21F27902500E9F192 /* large.jpg */; };
		4579CD3E1F1764A500DCF37A /* TransformBlurMode.swift in Sources */ = {isa = PBXBuildFile; fileRef = 4579CD3D1F1764A500DCF37A /* TransformBlurMode.swift */; };
		457D5BED1F16146B00FBD5B1 /* TransformPosition.swift in Sources */ = {isa = PBXBuildFile; fileRef = 457D5BEC1F16146B00FBD5B1 /* TransformPosition.swift */; };
		457D5BEF1F16147E00FBD5B1 /* TransformFit.swift in Sources */ = {isa = PBXBuildFile; fileRef = 457D5BEE1F16147E00FBD5B1 /* TransformFit.swift */; };
		457D5BF11F1614A800FBD5B1 /* TransformAlign.swift in Sources */ = {isa = PBXBuildFile; fileRef = 457D5BF01F1614A800FBD5B1 /* TransformAlign.swift */; };
		457D5BF31F1614D400FBD5B1 /* PolicyCall.swift in Sources */ = {isa = PBXBuildFile; fileRef = 457D5BF21F1614D400FBD5B1 /* PolicyCall.swift */; };
		458256151F1E1C860009185C /* URL+size.swift in Sources */ = {isa = PBXBuildFile; fileRef = 458256141F1E1C860009185C /* URL+size.swift */; };
		458256171F1E1D330009185C /* URLSizeTests.swift in Sources */ = {isa = PBXBuildFile; fileRef = 458256161F1E1D330009185C /* URLSizeTests.swift */; };
		4589A45F1F0A3B5500C39405 /* StorageLocation.swift in Sources */ = {isa = PBXBuildFile; fileRef = 4589A45E1F0A3B5500C39405 /* StorageLocation.swift */; };
		4589A4881F0A4B1900C39405 /* Config.swift in Sources */ = {isa = PBXBuildFile; fileRef = 4589A4871F0A4B1900C39405 /* Config.swift */; };
		4589A48A1F0A4DA600C39405 /* FileLink.swift in Sources */ = {isa = PBXBuildFile; fileRef = 4589A4891F0A4DA600C39405 /* FileLink.swift */; };
		4589A48C1F0A4DBC00C39405 /* FileLinkTests.swift in Sources */ = {isa = PBXBuildFile; fileRef = 4589A48B1F0A4DBC00C39405 /* FileLinkTests.swift */; };
		458D66C01F4B2E4C001770FB /* CropFacesTransform.swift in Sources */ = {isa = PBXBuildFile; fileRef = 458D66BE1F4B2E4C001770FB /* CropFacesTransform.swift */; };
		458D66C11F4B2E4C001770FB /* CropTransform.swift in Sources */ = {isa = PBXBuildFile; fileRef = 458D66BF1F4B2E4C001770FB /* CropTransform.swift */; };
		458D66C41F4B2E75001770FB /* DetectFacesTransform.swift in Sources */ = {isa = PBXBuildFile; fileRef = 458D66C21F4B2E75001770FB /* DetectFacesTransform.swift */; };
		458D66C51F4B2E75001770FB /* FlipTransform.swift in Sources */ = {isa = PBXBuildFile; fileRef = 458D66C31F4B2E75001770FB /* FlipTransform.swift */; };
		458D66C71F4B2E8D001770FB /* FlopTransform.swift in Sources */ = {isa = PBXBuildFile; fileRef = 458D66C61F4B2E8D001770FB /* FlopTransform.swift */; };
		458D66C91F4B2EC9001770FB /* PixelateFacesTransform.swift in Sources */ = {isa = PBXBuildFile; fileRef = 458D66C81F4B2EC9001770FB /* PixelateFacesTransform.swift */; };
		458D66CB1F4B318B001770FB /* MonochromeTransform.swift in Sources */ = {isa = PBXBuildFile; fileRef = 458D66CA1F4B318B001770FB /* MonochromeTransform.swift */; };
		458D66CD1F4B31E4001770FB /* ZipTransform.swift in Sources */ = {isa = PBXBuildFile; fileRef = 458D66CC1F4B31E4001770FB /* ZipTransform.swift */; };
		458D66CF1F4B3254001770FB /* NoMetadataTransform.swift in Sources */ = {isa = PBXBuildFile; fileRef = 458D66CE1F4B3254001770FB /* NoMetadataTransform.swift */; };
		458D66D11F4B337B001770FB /* RoundCornersTransform.swift in Sources */ = {isa = PBXBuildFile; fileRef = 458D66D01F4B337B001770FB /* RoundCornersTransform.swift */; };
		458D66D31F4B34D4001770FB /* VignetteTransform.swift in Sources */ = {isa = PBXBuildFile; fileRef = 458D66D21F4B34D4001770FB /* VignetteTransform.swift */; };
		458D66D51F4B3812001770FB /* PolaroidTransform.swift in Sources */ = {isa = PBXBuildFile; fileRef = 458D66D41F4B3812001770FB /* PolaroidTransform.swift */; };
		458D66D71F4B3923001770FB /* TornEdgesTransform.swift in Sources */ = {isa = PBXBuildFile; fileRef = 458D66D61F4B3923001770FB /* TornEdgesTransform.swift */; };
		458D66D91F4B3B9D001770FB /* ShadowTransform.swift in Sources */ = {isa = PBXBuildFile; fileRef = 458D66D81F4B3B9D001770FB /* ShadowTransform.swift */; };
		458D66DB1F4B3D07001770FB /* CircleTransform.swift in Sources */ = {isa = PBXBuildFile; fileRef = 458D66DA1F4B3D07001770FB /* CircleTransform.swift */; };
		458D66DD1F4B3D9E001770FB /* BorderTransform.swift in Sources */ = {isa = PBXBuildFile; fileRef = 458D66DC1F4B3D9E001770FB /* BorderTransform.swift */; };
		458D66DF1F4B3E7C001770FB /* SharpenTransform.swift in Sources */ = {isa = PBXBuildFile; fileRef = 458D66DE1F4B3E7C001770FB /* SharpenTransform.swift */; };
		458D66E11F4B3F12001770FB /* BlurTransform.swift in Sources */ = {isa = PBXBuildFile; fileRef = 458D66E01F4B3F12001770FB /* BlurTransform.swift */; };
		458D66E31F4B3FEF001770FB /* BlackAndWhiteTransform.swift in Sources */ = {isa = PBXBuildFile; fileRef = 458D66E21F4B3FEF001770FB /* BlackAndWhiteTransform.swift */; };
		458D66E51F4B408B001770FB /* SepiaTransform.swift in Sources */ = {isa = PBXBuildFile; fileRef = 458D66E41F4B408B001770FB /* SepiaTransform.swift */; };
		458D66E71F4B4142001770FB /* QualityTransform.swift in Sources */ = {isa = PBXBuildFile; fileRef = 458D66E61F4B4142001770FB /* QualityTransform.swift */; };
		458D66E91F4B425A001770FB /* ConvertTransform.swift in Sources */ = {isa = PBXBuildFile; fileRef = 458D66E81F4B425A001770FB /* ConvertTransform.swift */; };
		458D66EB1F4B468F001770FB /* AVTransform.swift in Sources */ = {isa = PBXBuildFile; fileRef = 458D66EA1F4B468F001770FB /* AVTransform.swift */; };
		458D66ED1F4B5020001770FB /* FSTransformPosition.h in Headers */ = {isa = PBXBuildFile; fileRef = 458D66EC1F4B4EC2001770FB /* FSTransformPosition.h */; settings = {ATTRIBUTES = (Public, ); }; };
		458D66EF1F4B5079001770FB /* WatermarkTransform.swift in Sources */ = {isa = PBXBuildFile; fileRef = 458D66EE1F4B5079001770FB /* WatermarkTransform.swift */; };
		458D66F11F4B5A81001770FB /* FSMetadataOptions.h in Headers */ = {isa = PBXBuildFile; fileRef = 458D66F01F4B598C001770FB /* FSMetadataOptions.h */; settings = {ATTRIBUTES = (Public, ); }; };
		45965C6B1F20C47B005689BA /* MultipartUploadSubmitPartOperation.swift in Sources */ = {isa = PBXBuildFile; fileRef = 45965C6A1F20C47B005689BA /* MultipartUploadSubmitPartOperation.swift */; };
		45991FA41F14C1DD0042A279 /* ProcessService.swift in Sources */ = {isa = PBXBuildFile; fileRef = 45991FA31F14C1DD0042A279 /* ProcessService.swift */; };
		459E61EE1F31BBEF00237EA1 /* MultipartuploadSubmitChunkOperation.swift in Sources */ = {isa = PBXBuildFile; fileRef = 459E61ED1F31BBEF00237EA1 /* MultipartuploadSubmitChunkOperation.swift */; };
		45B830A01F03B27A0053742A /* FilestackSDK.h in Headers */ = {isa = PBXBuildFile; fileRef = 45B8309E1F03B27A0053742A /* FilestackSDK.h */; settings = {ATTRIBUTES = (Public, ); }; };
		45B830C21F03B3440053742A /* Alamofire.framework in Frameworks */ = {isa = PBXBuildFile; fileRef = 45B830B31F03B3310053742A /* Alamofire.framework */; };
		45B830CB1F03BB6D0053742A /* Cartfile in Resources */ = {isa = PBXBuildFile; fileRef = 45B830CA1F03BB6D0053742A /* Cartfile */; };
		45B830E31F03BCF20053742A /* Policy.swift in Sources */ = {isa = PBXBuildFile; fileRef = 45B830E01F03BCF20053742A /* Policy.swift */; };
		45B830E41F03BCF20053742A /* Security.swift in Sources */ = {isa = PBXBuildFile; fileRef = 45B830E11F03BCF20053742A /* Security.swift */; };
		45B831121F03D8140053742A /* FilestackSDK.framework in Frameworks */ = {isa = PBXBuildFile; fileRef = 45B8309B1F03B27A0053742A /* FilestackSDK.framework */; };
		45B831191F03DA280053742A /* PolicyTests.swift in Sources */ = {isa = PBXBuildFile; fileRef = 45B831181F03DA280053742A /* PolicyTests.swift */; };
		45B8311E1F03E2890053742A /* SecurityTests.swift in Sources */ = {isa = PBXBuildFile; fileRef = 45B8311D1F03E2890053742A /* SecurityTests.swift */; };
		45B831201F03E52B0053742A /* Seeds.swift in Sources */ = {isa = PBXBuildFile; fileRef = 45B8311F1F03E52B0053742A /* Seeds.swift */; };
		45B831221F03F1C90053742A /* Client.swift in Sources */ = {isa = PBXBuildFile; fileRef = 45B831211F03F1C90053742A /* Client.swift */; };
		45B831241F03F4300053742A /* ClientTests.swift in Sources */ = {isa = PBXBuildFile; fileRef = 45B831231F03F4300053742A /* ClientTests.swift */; };
		45C3BB261F0E9B3500856883 /* NetworkingServiceTest.swift in Sources */ = {isa = PBXBuildFile; fileRef = 45C3BB251F0E9B3500856883 /* NetworkingServiceTest.swift */; };
		45C3EA0F1F262ED30003598D /* MetadataOptions.swift in Sources */ = {isa = PBXBuildFile; fileRef = 45C3EA0E1F262ED30003598D /* MetadataOptions.swift */; };
		45C8F2061F18B279001A6558 /* TransformAspectMode.swift in Sources */ = {isa = PBXBuildFile; fileRef = 45C8F2051F18B279001A6558 /* TransformAspectMode.swift */; };
		45C8F2081F18B3AF001A6558 /* StorageAccess.swift in Sources */ = {isa = PBXBuildFile; fileRef = 45C8F2071F18B3AF001A6558 /* StorageAccess.swift */; };
		45C9E93B1F137EB200260F2A /* Transformable.swift in Sources */ = {isa = PBXBuildFile; fileRef = 45C9E93A1F137EB200260F2A /* Transformable.swift */; };
		45C9E94E1F1384B200260F2A /* TransformableTests.swift in Sources */ = {isa = PBXBuildFile; fileRef = 45C9E94D1F1384B200260F2A /* TransformableTests.swift */; };
		45D99F2F1F14EDD400CE709F /* UIColor+hexString.swift in Sources */ = {isa = PBXBuildFile; fileRef = 45D99F2E1F14EDD400CE709F /* UIColor+hexString.swift */; };
		45E2B7DF1FC3284600448ED2 /* CryptoSwift.framework in Frameworks */ = {isa = PBXBuildFile; fileRef = 45E2B7D41FC3283800448ED2 /* CryptoSwift.framework */; };
		45F9B8C41F0B941300E04380 /* sample.jpg in Resources */ = {isa = PBXBuildFile; fileRef = 45F9B8C31F0B941300E04380 /* sample.jpg */; };
		45F9B8C61F0BA02F00E04380 /* NetworkDataResponse.swift in Sources */ = {isa = PBXBuildFile; fileRef = 45F9B8C51F0BA02F00E04380 /* NetworkDataResponse.swift */; };
		45FA0CC81F0B86AD008EDBCD /* Globals.swift in Sources */ = {isa = PBXBuildFile; fileRef = 45FA0CC71F0B86AD008EDBCD /* Globals.swift */; };
		45FA0CCD1F0B86B6008EDBCD /* CDNService.swift in Sources */ = {isa = PBXBuildFile; fileRef = 45FA0CCB1F0B86B6008EDBCD /* CDNService.swift */; };
		BC88329820D1771E00B88EAF /* BlurFacesTransform.swift in Sources */ = {isa = PBXBuildFile; fileRef = BC88329720D1771E00B88EAF /* BlurFacesTransform.swift */; };
		BCDB405220A9A87C00148136 /* MultifileUpload.swift in Sources */ = {isa = PBXBuildFile; fileRef = BCDB405120A9A87C00148136 /* MultifileUpload.swift */; };
/* End PBXBuildFile section */

/* Begin PBXContainerItemProxy section */
		45B830B21F03B3310053742A /* PBXContainerItemProxy */ = {
			isa = PBXContainerItemProxy;
			containerPortal = 45B830A71F03B3300053742A /* Alamofire.xcodeproj */;
			proxyType = 2;
			remoteGlobalIDString = F8111E3319A95C8B0040E7D1;
			remoteInfo = "Alamofire iOS";
		};
		45B830B41F03B3310053742A /* PBXContainerItemProxy */ = {
			isa = PBXContainerItemProxy;
			containerPortal = 45B830A71F03B3300053742A /* Alamofire.xcodeproj */;
			proxyType = 2;
			remoteGlobalIDString = F8111E3E19A95C8B0040E7D1;
			remoteInfo = "Alamofire iOS Tests";
		};
		45B830B61F03B3310053742A /* PBXContainerItemProxy */ = {
			isa = PBXContainerItemProxy;
			containerPortal = 45B830A71F03B3300053742A /* Alamofire.xcodeproj */;
			proxyType = 2;
			remoteGlobalIDString = 4DD67C0B1A5C55C900ED2280;
			remoteInfo = "Alamofire macOS";
		};
		45B830B81F03B3310053742A /* PBXContainerItemProxy */ = {
			isa = PBXContainerItemProxy;
			containerPortal = 45B830A71F03B3300053742A /* Alamofire.xcodeproj */;
			proxyType = 2;
			remoteGlobalIDString = F829C6B21A7A94F100A2CD59;
			remoteInfo = "Alamofire macOS Tests";
		};
		45B830BA1F03B3310053742A /* PBXContainerItemProxy */ = {
			isa = PBXContainerItemProxy;
			containerPortal = 45B830A71F03B3300053742A /* Alamofire.xcodeproj */;
			proxyType = 2;
			remoteGlobalIDString = 4CF626EF1BA7CB3E0011A099;
			remoteInfo = "Alamofire tvOS";
		};
		45B830BC1F03B3310053742A /* PBXContainerItemProxy */ = {
			isa = PBXContainerItemProxy;
			containerPortal = 45B830A71F03B3300053742A /* Alamofire.xcodeproj */;
			proxyType = 2;
			remoteGlobalIDString = 4CF626F81BA7CB3E0011A099;
			remoteInfo = "Alamofire tvOS Tests";
		};
		45B830BE1F03B3310053742A /* PBXContainerItemProxy */ = {
			isa = PBXContainerItemProxy;
			containerPortal = 45B830A71F03B3300053742A /* Alamofire.xcodeproj */;
			proxyType = 2;
			remoteGlobalIDString = E4202FE01B667AA100C997FB;
			remoteInfo = "Alamofire watchOS";
		};
		45B830C01F03B3380053742A /* PBXContainerItemProxy */ = {
			isa = PBXContainerItemProxy;
			containerPortal = 45B830A71F03B3300053742A /* Alamofire.xcodeproj */;
			proxyType = 1;
			remoteGlobalIDString = F8111E3219A95C8B0040E7D1;
			remoteInfo = "Alamofire iOS";
		};
		45B831131F03D8140053742A /* PBXContainerItemProxy */ = {
			isa = PBXContainerItemProxy;
			containerPortal = 45B830921F03B27A0053742A /* Project object */;
			proxyType = 1;
			remoteGlobalIDString = 45B8309A1F03B27A0053742A;
			remoteInfo = FilestackSDK;
		};
		45E2B7D31FC3283800448ED2 /* PBXContainerItemProxy */ = {
			isa = PBXContainerItemProxy;
			containerPortal = 45E2B7BA1FC3283800448ED2 /* CryptoSwift.xcodeproj */;
			proxyType = 2;
			remoteGlobalIDString = 754BE45519693E190098E6F3;
			remoteInfo = CryptoSwift;
		};
		45E2B7D51FC3283800448ED2 /* PBXContainerItemProxy */ = {
			isa = PBXContainerItemProxy;
			containerPortal = 45E2B7BA1FC3283800448ED2 /* CryptoSwift.xcodeproj */;
			proxyType = 2;
			remoteGlobalIDString = 754BE46019693E190098E6F3;
			remoteInfo = Tests;
		};
		45E2B7E01FC3286D00448ED2 /* PBXContainerItemProxy */ = {
			isa = PBXContainerItemProxy;
			containerPortal = 45E2B7BA1FC3283800448ED2 /* CryptoSwift.xcodeproj */;
			proxyType = 1;
			remoteGlobalIDString = 754BE45419693E190098E6F3;
			remoteInfo = CryptoSwift;
		};
		45FA0CB21F0B85C7008EDBCD /* PBXContainerItemProxy */ = {
			isa = PBXContainerItemProxy;
			containerPortal = 45FA0CA01F0B85C7008EDBCD /* OHHTTPStubs.xcodeproj */;
			proxyType = 2;
			remoteGlobalIDString = 09110A4119805F4800D175E4;
			remoteInfo = "OHHTTPStubs iOS StaticLib";
		};
		45FA0CB41F0B85C7008EDBCD /* PBXContainerItemProxy */ = {
			isa = PBXContainerItemProxy;
			containerPortal = 45FA0CA01F0B85C7008EDBCD /* OHHTTPStubs.xcodeproj */;
			proxyType = 2;
			remoteGlobalIDString = 09110A5119805F4800D175E4;
			remoteInfo = "OHHTTPStubs iOS Lib Tests";
		};
		45FA0CB61F0B85C7008EDBCD /* PBXContainerItemProxy */ = {
			isa = PBXContainerItemProxy;
			containerPortal = 45FA0CA01F0B85C7008EDBCD /* OHHTTPStubs.xcodeproj */;
			proxyType = 2;
			remoteGlobalIDString = 725CD99B1A9EB65100F84C8B;
			remoteInfo = "OHHTTPStubs iOS Framework";
		};
		45FA0CB81F0B85C7008EDBCD /* PBXContainerItemProxy */ = {
			isa = PBXContainerItemProxy;
			containerPortal = 45FA0CA01F0B85C7008EDBCD /* OHHTTPStubs.xcodeproj */;
			proxyType = 2;
			remoteGlobalIDString = 093442F91B80EC4A00A91535;
			remoteInfo = "OHHTTPStubs iOS Fmk Tests";
		};
		45FA0CBA1F0B85C7008EDBCD /* PBXContainerItemProxy */ = {
			isa = PBXContainerItemProxy;
			containerPortal = 45FA0CA01F0B85C7008EDBCD /* OHHTTPStubs.xcodeproj */;
			proxyType = 2;
			remoteGlobalIDString = 095981C219806A7900807DBE;
			remoteInfo = "OHHTTPStubs Mac Framework";
		};
		45FA0CBC1F0B85C7008EDBCD /* PBXContainerItemProxy */ = {
			isa = PBXContainerItemProxy;
			containerPortal = 45FA0CA01F0B85C7008EDBCD /* OHHTTPStubs.xcodeproj */;
			proxyType = 2;
			remoteGlobalIDString = 095981D219806A7900807DBE;
			remoteInfo = "OHHTTPStubs Mac Tests";
		};
		45FA0CBE1F0B85C7008EDBCD /* PBXContainerItemProxy */ = {
			isa = PBXContainerItemProxy;
			containerPortal = 45FA0CA01F0B85C7008EDBCD /* OHHTTPStubs.xcodeproj */;
			proxyType = 2;
			remoteGlobalIDString = EAA436A51BE1598D000E9E99;
			remoteInfo = "OHHTTPStubs tvOS Framework";
		};
		45FA0CC01F0B85C7008EDBCD /* PBXContainerItemProxy */ = {
			isa = PBXContainerItemProxy;
			containerPortal = 45FA0CA01F0B85C7008EDBCD /* OHHTTPStubs.xcodeproj */;
			proxyType = 2;
			remoteGlobalIDString = EA100AB71BE15BE400129352;
			remoteInfo = "OHHTTPStubs tvOS Fmk Tests";
		};
		45FA0CC51F0B85DA008EDBCD /* PBXContainerItemProxy */ = {
			isa = PBXContainerItemProxy;
			containerPortal = 45FA0CA01F0B85C7008EDBCD /* OHHTTPStubs.xcodeproj */;
			proxyType = 1;
			remoteGlobalIDString = 725CD99A1A9EB65100F84C8B;
			remoteInfo = "OHHTTPStubs iOS Framework";
		};
		BC8832A420D1771E00B88EAF /* PBXContainerItemProxy */ = {
			isa = PBXContainerItemProxy;
			containerPortal = 45E2B7BA1FC3283800448ED2 /* CryptoSwift.xcodeproj */;
			proxyType = 2;
			remoteGlobalIDString = 75211F92207249D8004E41F8;
			remoteInfo = "CryptoSwift-TestHostApp";
		};
		BC8832A620D1771E00B88EAF /* PBXContainerItemProxy */ = {
			isa = PBXContainerItemProxy;
			containerPortal = 45E2B7BA1FC3283800448ED2 /* CryptoSwift.xcodeproj */;
			proxyType = 2;
			remoteGlobalIDString = 7595C14A2072E48C00EA1A5F;
			remoteInfo = "TestsPerformance-Mac";
		};
		BC8832A820D1771E00B88EAF /* PBXContainerItemProxy */ = {
			isa = PBXContainerItemProxy;
			containerPortal = 45E2B7BA1FC3283800448ED2 /* CryptoSwift.xcodeproj */;
			proxyType = 2;
			remoteGlobalIDString = 7564F0602072EAEB00CA5A96;
			remoteInfo = "TestsPerformance-iOS";
		};
/* End PBXContainerItemProxy section */

/* Begin PBXFileReference section */
		4502F7301F1F4C3A000875D6 /* MultipartUploadStartOperation.swift */ = {isa = PBXFileReference; lastKnownFileType = sourcecode.swift; path = MultipartUploadStartOperation.swift; sourceTree = "<group>"; };
		4502F7321F1F4D20000875D6 /* BaseOperation.swift */ = {isa = PBXFileReference; lastKnownFileType = sourcecode.swift; path = BaseOperation.swift; sourceTree = "<group>"; };
		4502F7361F1F540F000875D6 /* UploadService.swift */ = {isa = PBXFileReference; lastKnownFileType = sourcecode.swift; path = UploadService.swift; sourceTree = "<group>"; };
		45050F4B1F2B49C100B4E3C3 /* Data+Base64MD5Digest.swift */ = {isa = PBXFileReference; lastKnownFileType = sourcecode.swift; path = "Data+Base64MD5Digest.swift"; sourceTree = "<group>"; };
		450E433B1F161DE500E46B56 /* TransformPixelateFacesType.swift */ = {isa = PBXFileReference; lastKnownFileType = sourcecode.swift; path = TransformPixelateFacesType.swift; sourceTree = "<group>"; };
		45107C8B1F4D6ADC00250ABE /* MultipartUpload.swift */ = {isa = PBXFileReference; fileEncoding = 4; lastKnownFileType = sourcecode.swift; path = MultipartUpload.swift; sourceTree = "<group>"; };
		45107C9F1F4D6B0E00250ABE /* MultipartUploadTests.swift */ = {isa = PBXFileReference; fileEncoding = 4; lastKnownFileType = sourcecode.swift; path = MultipartUploadTests.swift; sourceTree = "<group>"; };
		4512EB801FA7655F003A8C38 /* StorageOptions.swift */ = {isa = PBXFileReference; lastKnownFileType = sourcecode.swift; path = StorageOptions.swift; sourceTree = "<group>"; };
		4520553F1F4AE7B900A6795D /* FSPolicyCall.h */ = {isa = PBXFileReference; lastKnownFileType = sourcecode.c.h; path = FSPolicyCall.h; sourceTree = "<group>"; };
		452055411F4B191900A6795D /* RotateTransform.swift */ = {isa = PBXFileReference; fileEncoding = 4; lastKnownFileType = sourcecode.swift; name = RotateTransform.swift; path = FilestackSDK/Transforms/RotateTransform.swift; sourceTree = SOURCE_ROOT; };
		452055441F4B263B00A6795D /* Transform.swift */ = {isa = PBXFileReference; fileEncoding = 4; lastKnownFileType = sourcecode.swift; name = Transform.swift; path = Transforms/Transform.swift; sourceTree = "<group>"; };
		452055461F4B266F00A6795D /* ResizeTransform.swift */ = {isa = PBXFileReference; fileEncoding = 4; lastKnownFileType = sourcecode.swift; name = ResizeTransform.swift; path = Transforms/ResizeTransform.swift; sourceTree = "<group>"; };
		4528C7451F2F24FB00A4BEF6 /* MultipartUploadCommitOperation.swift */ = {isa = PBXFileReference; lastKnownFileType = sourcecode.swift; path = MultipartUploadCommitOperation.swift; sourceTree = "<group>"; };
		452D715A1F17A49D0037E1BB /* TransformPageFormat.swift */ = {isa = PBXFileReference; lastKnownFileType = sourcecode.swift; path = TransformPageFormat.swift; sourceTree = "<group>"; };
		452D715C1F17A4DB0037E1BB /* TransformPageOrientation.swift */ = {isa = PBXFileReference; lastKnownFileType = sourcecode.swift; path = TransformPageOrientation.swift; sourceTree = "<group>"; };
		452D715E1F17A51B0037E1BB /* TransformColorSpace.swift */ = {isa = PBXFileReference; lastKnownFileType = sourcecode.swift; path = TransformColorSpace.swift; sourceTree = "<group>"; };
		45341A8C1F1E170C00DC7B79 /* URL+mimeType.swift */ = {isa = PBXFileReference; lastKnownFileType = sourcecode.swift; path = "URL+mimeType.swift"; sourceTree = "<group>"; };
		45341A9F1F1E17C400DC7B79 /* URLMimeTypeTests.swift */ = {isa = PBXFileReference; lastKnownFileType = sourcecode.swift; path = URLMimeTypeTests.swift; sourceTree = "<group>"; };
		4548CA481F1CBE58009FDBEF /* NetworkJSONResponse.swift */ = {isa = PBXFileReference; lastKnownFileType = sourcecode.swift; path = NetworkJSONResponse.swift; sourceTree = "<group>"; };
		454CC1AC1F0CD8D5005821AC /* NetworkDownloadResponse.swift */ = {isa = PBXFileReference; lastKnownFileType = sourcecode.swift; path = NetworkDownloadResponse.swift; sourceTree = "<group>"; };
		454CC1C51F0CF932005821AC /* SessionManagerTests.swift */ = {isa = PBXFileReference; lastKnownFileType = sourcecode.swift; path = SessionManagerTests.swift; sourceTree = "<group>"; };
		454CC1C71F0D10D2005821AC /* BundleInfo.swift */ = {isa = PBXFileReference; lastKnownFileType = sourcecode.swift; name = BundleInfo.swift; path = Misc/BundleInfo.swift; sourceTree = "<group>"; };
		454CC1CA1F0D1160005821AC /* SessionManager+filestackDefault.swift */ = {isa = PBXFileReference; lastKnownFileType = sourcecode.swift; path = "SessionManager+filestackDefault.swift"; sourceTree = "<group>"; };
		45513FF91F0E9739006DB972 /* APIService.swift */ = {isa = PBXFileReference; lastKnownFileType = sourcecode.swift; path = APIService.swift; sourceTree = "<group>"; };
		4551400C1F0E97E2006DB972 /* NetworkingService.swift */ = {isa = PBXFileReference; lastKnownFileType = sourcecode.swift; path = NetworkingService.swift; sourceTree = "<group>"; };
		455266301F1618E1009537D9 /* TransformCropMode.swift */ = {isa = PBXFileReference; lastKnownFileType = sourcecode.swift; path = TransformCropMode.swift; sourceTree = "<group>"; };
		456FF4C01F27799D00E9F192 /* MultipartUploadCompleteOperation.swift */ = {isa = PBXFileReference; lastKnownFileType = sourcecode.swift; path = MultipartUploadCompleteOperation.swift; sourceTree = "<group>"; };
		456FF4C21F27902500E9F192 /* large.jpg */ = {isa = PBXFileReference; lastKnownFileType = image.jpeg; name = large.jpg; path = Fixtures/large.jpg; sourceTree = "<group>"; };
		4579CD3D1F1764A500DCF37A /* TransformBlurMode.swift */ = {isa = PBXFileReference; lastKnownFileType = sourcecode.swift; path = TransformBlurMode.swift; sourceTree = "<group>"; };
		457D5BEC1F16146B00FBD5B1 /* TransformPosition.swift */ = {isa = PBXFileReference; lastKnownFileType = sourcecode.swift; path = TransformPosition.swift; sourceTree = "<group>"; };
		457D5BEE1F16147E00FBD5B1 /* TransformFit.swift */ = {isa = PBXFileReference; lastKnownFileType = sourcecode.swift; path = TransformFit.swift; sourceTree = "<group>"; };
		457D5BF01F1614A800FBD5B1 /* TransformAlign.swift */ = {isa = PBXFileReference; lastKnownFileType = sourcecode.swift; path = TransformAlign.swift; sourceTree = "<group>"; };
		457D5BF21F1614D400FBD5B1 /* PolicyCall.swift */ = {isa = PBXFileReference; lastKnownFileType = sourcecode.swift; path = PolicyCall.swift; sourceTree = "<group>"; };
		458256141F1E1C860009185C /* URL+size.swift */ = {isa = PBXFileReference; lastKnownFileType = sourcecode.swift; path = "URL+size.swift"; sourceTree = "<group>"; };
		458256161F1E1D330009185C /* URLSizeTests.swift */ = {isa = PBXFileReference; lastKnownFileType = sourcecode.swift; path = URLSizeTests.swift; sourceTree = "<group>"; };
		4589A45E1F0A3B5500C39405 /* StorageLocation.swift */ = {isa = PBXFileReference; fileEncoding = 4; lastKnownFileType = sourcecode.swift; path = StorageLocation.swift; sourceTree = "<group>"; };
		4589A4871F0A4B1900C39405 /* Config.swift */ = {isa = PBXFileReference; fileEncoding = 4; lastKnownFileType = sourcecode.swift; name = Config.swift; path = Misc/Config.swift; sourceTree = "<group>"; };
		4589A4891F0A4DA600C39405 /* FileLink.swift */ = {isa = PBXFileReference; fileEncoding = 4; lastKnownFileType = sourcecode.swift; path = FileLink.swift; sourceTree = "<group>"; };
		4589A48B1F0A4DBC00C39405 /* FileLinkTests.swift */ = {isa = PBXFileReference; fileEncoding = 4; lastKnownFileType = sourcecode.swift; path = FileLinkTests.swift; sourceTree = "<group>"; };
		458D66BE1F4B2E4C001770FB /* CropFacesTransform.swift */ = {isa = PBXFileReference; fileEncoding = 4; lastKnownFileType = sourcecode.swift; name = CropFacesTransform.swift; path = Transforms/CropFacesTransform.swift; sourceTree = "<group>"; };
		458D66BF1F4B2E4C001770FB /* CropTransform.swift */ = {isa = PBXFileReference; fileEncoding = 4; lastKnownFileType = sourcecode.swift; name = CropTransform.swift; path = Transforms/CropTransform.swift; sourceTree = "<group>"; };
		458D66C21F4B2E75001770FB /* DetectFacesTransform.swift */ = {isa = PBXFileReference; fileEncoding = 4; lastKnownFileType = sourcecode.swift; name = DetectFacesTransform.swift; path = Transforms/DetectFacesTransform.swift; sourceTree = "<group>"; };
		458D66C31F4B2E75001770FB /* FlipTransform.swift */ = {isa = PBXFileReference; fileEncoding = 4; lastKnownFileType = sourcecode.swift; name = FlipTransform.swift; path = Transforms/FlipTransform.swift; sourceTree = "<group>"; };
		458D66C61F4B2E8D001770FB /* FlopTransform.swift */ = {isa = PBXFileReference; fileEncoding = 4; lastKnownFileType = sourcecode.swift; name = FlopTransform.swift; path = Transforms/FlopTransform.swift; sourceTree = "<group>"; };
		458D66C81F4B2EC9001770FB /* PixelateFacesTransform.swift */ = {isa = PBXFileReference; fileEncoding = 4; lastKnownFileType = sourcecode.swift; name = PixelateFacesTransform.swift; path = Transforms/PixelateFacesTransform.swift; sourceTree = "<group>"; };
		458D66CA1F4B318B001770FB /* MonochromeTransform.swift */ = {isa = PBXFileReference; fileEncoding = 4; lastKnownFileType = sourcecode.swift; name = MonochromeTransform.swift; path = Transforms/MonochromeTransform.swift; sourceTree = "<group>"; };
		458D66CC1F4B31E4001770FB /* ZipTransform.swift */ = {isa = PBXFileReference; fileEncoding = 4; lastKnownFileType = sourcecode.swift; name = ZipTransform.swift; path = Transforms/ZipTransform.swift; sourceTree = "<group>"; };
		458D66CE1F4B3254001770FB /* NoMetadataTransform.swift */ = {isa = PBXFileReference; fileEncoding = 4; lastKnownFileType = sourcecode.swift; name = NoMetadataTransform.swift; path = Transforms/NoMetadataTransform.swift; sourceTree = "<group>"; };
		458D66D01F4B337B001770FB /* RoundCornersTransform.swift */ = {isa = PBXFileReference; fileEncoding = 4; lastKnownFileType = sourcecode.swift; name = RoundCornersTransform.swift; path = Transforms/RoundCornersTransform.swift; sourceTree = "<group>"; };
		458D66D21F4B34D4001770FB /* VignetteTransform.swift */ = {isa = PBXFileReference; fileEncoding = 4; lastKnownFileType = sourcecode.swift; name = VignetteTransform.swift; path = Transforms/VignetteTransform.swift; sourceTree = "<group>"; };
		458D66D41F4B3812001770FB /* PolaroidTransform.swift */ = {isa = PBXFileReference; fileEncoding = 4; lastKnownFileType = sourcecode.swift; name = PolaroidTransform.swift; path = Transforms/PolaroidTransform.swift; sourceTree = "<group>"; };
		458D66D61F4B3923001770FB /* TornEdgesTransform.swift */ = {isa = PBXFileReference; fileEncoding = 4; lastKnownFileType = sourcecode.swift; name = TornEdgesTransform.swift; path = Transforms/TornEdgesTransform.swift; sourceTree = "<group>"; };
		458D66D81F4B3B9D001770FB /* ShadowTransform.swift */ = {isa = PBXFileReference; fileEncoding = 4; lastKnownFileType = sourcecode.swift; name = ShadowTransform.swift; path = Transforms/ShadowTransform.swift; sourceTree = "<group>"; };
		458D66DA1F4B3D07001770FB /* CircleTransform.swift */ = {isa = PBXFileReference; fileEncoding = 4; lastKnownFileType = sourcecode.swift; name = CircleTransform.swift; path = Transforms/CircleTransform.swift; sourceTree = "<group>"; };
		458D66DC1F4B3D9E001770FB /* BorderTransform.swift */ = {isa = PBXFileReference; fileEncoding = 4; lastKnownFileType = sourcecode.swift; name = BorderTransform.swift; path = Transforms/BorderTransform.swift; sourceTree = "<group>"; };
		458D66DE1F4B3E7C001770FB /* SharpenTransform.swift */ = {isa = PBXFileReference; fileEncoding = 4; lastKnownFileType = sourcecode.swift; name = SharpenTransform.swift; path = Transforms/SharpenTransform.swift; sourceTree = "<group>"; };
		458D66E01F4B3F12001770FB /* BlurTransform.swift */ = {isa = PBXFileReference; fileEncoding = 4; lastKnownFileType = sourcecode.swift; name = BlurTransform.swift; path = Transforms/BlurTransform.swift; sourceTree = "<group>"; };
		458D66E21F4B3FEF001770FB /* BlackAndWhiteTransform.swift */ = {isa = PBXFileReference; fileEncoding = 4; lastKnownFileType = sourcecode.swift; name = BlackAndWhiteTransform.swift; path = Transforms/BlackAndWhiteTransform.swift; sourceTree = "<group>"; };
		458D66E41F4B408B001770FB /* SepiaTransform.swift */ = {isa = PBXFileReference; fileEncoding = 4; lastKnownFileType = sourcecode.swift; name = SepiaTransform.swift; path = Transforms/SepiaTransform.swift; sourceTree = "<group>"; };
		458D66E61F4B4142001770FB /* QualityTransform.swift */ = {isa = PBXFileReference; fileEncoding = 4; lastKnownFileType = sourcecode.swift; name = QualityTransform.swift; path = Transforms/QualityTransform.swift; sourceTree = "<group>"; };
		458D66E81F4B425A001770FB /* ConvertTransform.swift */ = {isa = PBXFileReference; fileEncoding = 4; lastKnownFileType = sourcecode.swift; name = ConvertTransform.swift; path = Transforms/ConvertTransform.swift; sourceTree = "<group>"; };
		458D66EA1F4B468F001770FB /* AVTransform.swift */ = {isa = PBXFileReference; fileEncoding = 4; lastKnownFileType = sourcecode.swift; name = AVTransform.swift; path = Transforms/AVTransform.swift; sourceTree = "<group>"; };
		458D66EC1F4B4EC2001770FB /* FSTransformPosition.h */ = {isa = PBXFileReference; lastKnownFileType = sourcecode.c.h; path = FSTransformPosition.h; sourceTree = "<group>"; };
		458D66EE1F4B5079001770FB /* WatermarkTransform.swift */ = {isa = PBXFileReference; fileEncoding = 4; lastKnownFileType = sourcecode.swift; name = WatermarkTransform.swift; path = Transforms/WatermarkTransform.swift; sourceTree = "<group>"; };
		458D66F01F4B598C001770FB /* FSMetadataOptions.h */ = {isa = PBXFileReference; lastKnownFileType = sourcecode.c.h; path = FSMetadataOptions.h; sourceTree = "<group>"; };
		45965C6A1F20C47B005689BA /* MultipartUploadSubmitPartOperation.swift */ = {isa = PBXFileReference; lastKnownFileType = sourcecode.swift; path = MultipartUploadSubmitPartOperation.swift; sourceTree = "<group>"; };
		45991FA31F14C1DD0042A279 /* ProcessService.swift */ = {isa = PBXFileReference; lastKnownFileType = sourcecode.swift; path = ProcessService.swift; sourceTree = "<group>"; };
		459E61ED1F31BBEF00237EA1 /* MultipartuploadSubmitChunkOperation.swift */ = {isa = PBXFileReference; lastKnownFileType = sourcecode.swift; path = MultipartuploadSubmitChunkOperation.swift; sourceTree = "<group>"; };
		45B8309B1F03B27A0053742A /* FilestackSDK.framework */ = {isa = PBXFileReference; explicitFileType = wrapper.framework; includeInIndex = 0; path = FilestackSDK.framework; sourceTree = BUILT_PRODUCTS_DIR; };
		45B8309E1F03B27A0053742A /* FilestackSDK.h */ = {isa = PBXFileReference; lastKnownFileType = sourcecode.c.h; path = FilestackSDK.h; sourceTree = "<group>"; };
		45B8309F1F03B27A0053742A /* Info.plist */ = {isa = PBXFileReference; lastKnownFileType = text.plist.xml; path = Info.plist; sourceTree = "<group>"; };
		45B830A71F03B3300053742A /* Alamofire.xcodeproj */ = {isa = PBXFileReference; lastKnownFileType = "wrapper.pb-project"; name = Alamofire.xcodeproj; path = Carthage/Checkouts/Alamofire/Alamofire.xcodeproj; sourceTree = "<group>"; };
		45B830CA1F03BB6D0053742A /* Cartfile */ = {isa = PBXFileReference; fileEncoding = 4; lastKnownFileType = text; path = Cartfile; sourceTree = "<group>"; };
		45B830E01F03BCF20053742A /* Policy.swift */ = {isa = PBXFileReference; fileEncoding = 4; lastKnownFileType = sourcecode.swift; path = Policy.swift; sourceTree = "<group>"; };
		45B830E11F03BCF20053742A /* Security.swift */ = {isa = PBXFileReference; fileEncoding = 4; lastKnownFileType = sourcecode.swift; path = Security.swift; sourceTree = "<group>"; };
		45B8310D1F03D8140053742A /* FilestackSDKTests.xctest */ = {isa = PBXFileReference; explicitFileType = wrapper.cfbundle; includeInIndex = 0; path = FilestackSDKTests.xctest; sourceTree = BUILT_PRODUCTS_DIR; };
		45B831111F03D8140053742A /* Info.plist */ = {isa = PBXFileReference; lastKnownFileType = text.plist.xml; path = Info.plist; sourceTree = "<group>"; };
		45B831181F03DA280053742A /* PolicyTests.swift */ = {isa = PBXFileReference; fileEncoding = 4; lastKnownFileType = sourcecode.swift; path = PolicyTests.swift; sourceTree = "<group>"; };
		45B8311D1F03E2890053742A /* SecurityTests.swift */ = {isa = PBXFileReference; fileEncoding = 4; lastKnownFileType = sourcecode.swift; path = SecurityTests.swift; sourceTree = "<group>"; };
		45B8311F1F03E52B0053742A /* Seeds.swift */ = {isa = PBXFileReference; fileEncoding = 4; lastKnownFileType = sourcecode.swift; path = Seeds.swift; sourceTree = "<group>"; };
		45B831211F03F1C90053742A /* Client.swift */ = {isa = PBXFileReference; fileEncoding = 4; lastKnownFileType = sourcecode.swift; path = Client.swift; sourceTree = "<group>"; };
		45B831231F03F4300053742A /* ClientTests.swift */ = {isa = PBXFileReference; fileEncoding = 4; lastKnownFileType = sourcecode.swift; path = ClientTests.swift; sourceTree = "<group>"; };
		45C3BB251F0E9B3500856883 /* NetworkingServiceTest.swift */ = {isa = PBXFileReference; lastKnownFileType = sourcecode.swift; path = NetworkingServiceTest.swift; sourceTree = "<group>"; };
		45C3EA0E1F262ED30003598D /* MetadataOptions.swift */ = {isa = PBXFileReference; lastKnownFileType = sourcecode.swift; path = MetadataOptions.swift; sourceTree = "<group>"; };
		45C8F2051F18B279001A6558 /* TransformAspectMode.swift */ = {isa = PBXFileReference; lastKnownFileType = sourcecode.swift; path = TransformAspectMode.swift; sourceTree = "<group>"; };
		45C8F2071F18B3AF001A6558 /* StorageAccess.swift */ = {isa = PBXFileReference; lastKnownFileType = sourcecode.swift; path = StorageAccess.swift; sourceTree = "<group>"; };
		45C9E93A1F137EB200260F2A /* Transformable.swift */ = {isa = PBXFileReference; lastKnownFileType = sourcecode.swift; path = Transformable.swift; sourceTree = "<group>"; };
		45C9E94D1F1384B200260F2A /* TransformableTests.swift */ = {isa = PBXFileReference; lastKnownFileType = sourcecode.swift; path = TransformableTests.swift; sourceTree = "<group>"; };
		45D99F2E1F14EDD400CE709F /* UIColor+hexString.swift */ = {isa = PBXFileReference; lastKnownFileType = sourcecode.swift; path = "UIColor+hexString.swift"; sourceTree = "<group>"; };
		45E2B7BA1FC3283800448ED2 /* CryptoSwift.xcodeproj */ = {isa = PBXFileReference; lastKnownFileType = "wrapper.pb-project"; name = CryptoSwift.xcodeproj; path = Carthage/Checkouts/CryptoSwift/CryptoSwift.xcodeproj; sourceTree = "<group>"; };
		45F9B8C31F0B941300E04380 /* sample.jpg */ = {isa = PBXFileReference; lastKnownFileType = image.jpeg; name = sample.jpg; path = Fixtures/sample.jpg; sourceTree = "<group>"; };
		45F9B8C51F0BA02F00E04380 /* NetworkDataResponse.swift */ = {isa = PBXFileReference; fileEncoding = 4; lastKnownFileType = sourcecode.swift; path = NetworkDataResponse.swift; sourceTree = "<group>"; };
		45FA0CA01F0B85C7008EDBCD /* OHHTTPStubs.xcodeproj */ = {isa = PBXFileReference; lastKnownFileType = "wrapper.pb-project"; name = OHHTTPStubs.xcodeproj; path = Carthage/Checkouts/OHHTTPStubs/OHHTTPStubs/OHHTTPStubs.xcodeproj; sourceTree = "<group>"; };
		45FA0CC71F0B86AD008EDBCD /* Globals.swift */ = {isa = PBXFileReference; fileEncoding = 4; lastKnownFileType = sourcecode.swift; name = Globals.swift; path = Misc/Globals.swift; sourceTree = "<group>"; };
		45FA0CCB1F0B86B6008EDBCD /* CDNService.swift */ = {isa = PBXFileReference; fileEncoding = 4; lastKnownFileType = sourcecode.swift; path = CDNService.swift; sourceTree = "<group>"; };
		BC88329720D1771E00B88EAF /* BlurFacesTransform.swift */ = {isa = PBXFileReference; lastKnownFileType = sourcecode.swift; path = BlurFacesTransform.swift; sourceTree = "<group>"; };
		BCDB405120A9A87C00148136 /* MultifileUpload.swift */ = {isa = PBXFileReference; lastKnownFileType = sourcecode.swift; path = MultifileUpload.swift; sourceTree = "<group>"; };
/* End PBXFileReference section */

/* Begin PBXFrameworksBuildPhase section */
		45B830971F03B27A0053742A /* Frameworks */ = {
			isa = PBXFrameworksBuildPhase;
			buildActionMask = 2147483647;
			files = (
				45B830C21F03B3440053742A /* Alamofire.framework in Frameworks */,
				45E2B7DF1FC3284600448ED2 /* CryptoSwift.framework in Frameworks */,
			);
			runOnlyForDeploymentPostprocessing = 0;
		};
		45B8310A1F03D8140053742A /* Frameworks */ = {
			isa = PBXFrameworksBuildPhase;
			buildActionMask = 2147483647;
			files = (
				45B831121F03D8140053742A /* FilestackSDK.framework in Frameworks */,
			);
			runOnlyForDeploymentPostprocessing = 0;
		};
/* End PBXFrameworksBuildPhase section */

/* Begin PBXGroup section */
		4502F71E1F1F4C28000875D6 /* Operations */ = {
			isa = PBXGroup;
			children = (
				4502F7321F1F4D20000875D6 /* BaseOperation.swift */,
				4528C7451F2F24FB00A4BEF6 /* MultipartUploadCommitOperation.swift */,
				456FF4C01F27799D00E9F192 /* MultipartUploadCompleteOperation.swift */,
				4502F7301F1F4C3A000875D6 /* MultipartUploadStartOperation.swift */,
				459E61ED1F31BBEF00237EA1 /* MultipartuploadSubmitChunkOperation.swift */,
				45965C6A1F20C47B005689BA /* MultipartUploadSubmitPartOperation.swift */,
			);
			path = Operations;
			sourceTree = "<group>";
		};
		452055431F4B192000A6795D /* Transforms */ = {
			isa = PBXGroup;
			children = (
				458D66EA1F4B468F001770FB /* AVTransform.swift */,
				458D66E21F4B3FEF001770FB /* BlackAndWhiteTransform.swift */,
				BC88329720D1771E00B88EAF /* BlurFacesTransform.swift */,
				458D66E01F4B3F12001770FB /* BlurTransform.swift */,
				458D66DC1F4B3D9E001770FB /* BorderTransform.swift */,
				458D66DA1F4B3D07001770FB /* CircleTransform.swift */,
				458D66E81F4B425A001770FB /* ConvertTransform.swift */,
				458D66BE1F4B2E4C001770FB /* CropFacesTransform.swift */,
				458D66BF1F4B2E4C001770FB /* CropTransform.swift */,
				458D66C21F4B2E75001770FB /* DetectFacesTransform.swift */,
				458D66C31F4B2E75001770FB /* FlipTransform.swift */,
				458D66C61F4B2E8D001770FB /* FlopTransform.swift */,
				458D66CA1F4B318B001770FB /* MonochromeTransform.swift */,
				458D66CE1F4B3254001770FB /* NoMetadataTransform.swift */,
				458D66C81F4B2EC9001770FB /* PixelateFacesTransform.swift */,
				458D66D41F4B3812001770FB /* PolaroidTransform.swift */,
				458D66E61F4B4142001770FB /* QualityTransform.swift */,
				452055461F4B266F00A6795D /* ResizeTransform.swift */,
				452055411F4B191900A6795D /* RotateTransform.swift */,
				458D66D01F4B337B001770FB /* RoundCornersTransform.swift */,
				458D66E41F4B408B001770FB /* SepiaTransform.swift */,
				458D66D81F4B3B9D001770FB /* ShadowTransform.swift */,
				458D66DE1F4B3E7C001770FB /* SharpenTransform.swift */,
				458D66D61F4B3923001770FB /* TornEdgesTransform.swift */,
				452055441F4B263B00A6795D /* Transform.swift */,
				458D66D21F4B34D4001770FB /* VignetteTransform.swift */,
				458D66EE1F4B5079001770FB /* WatermarkTransform.swift */,
				458D66CC1F4B31E4001770FB /* ZipTransform.swift */,
			);
			name = Transforms;
			sourceTree = "<group>";
		};
		454CC1C91F0D1151005821AC /* Extensions */ = {
			isa = PBXGroup;
			children = (
				45050F4B1F2B49C100B4E3C3 /* Data+Base64MD5Digest.swift */,
				454CC1CA1F0D1160005821AC /* SessionManager+filestackDefault.swift */,
				45D99F2E1F14EDD400CE709F /* UIColor+hexString.swift */,
				45341A8C1F1E170C00DC7B79 /* URL+mimeType.swift */,
				458256141F1E1C860009185C /* URL+size.swift */,
			);
			path = Extensions;
			sourceTree = "<group>";
		};
		457D5BDA1F16144B00FBD5B1 /* Enums */ = {
			isa = PBXGroup;
			children = (
				458D66F01F4B598C001770FB /* FSMetadataOptions.h */,
				4520553F1F4AE7B900A6795D /* FSPolicyCall.h */,
				458D66EC1F4B4EC2001770FB /* FSTransformPosition.h */,
				45C3EA0E1F262ED30003598D /* MetadataOptions.swift */,
				457D5BF21F1614D400FBD5B1 /* PolicyCall.swift */,
				45C8F2071F18B3AF001A6558 /* StorageAccess.swift */,
				4589A45E1F0A3B5500C39405 /* StorageLocation.swift */,
				457D5BF01F1614A800FBD5B1 /* TransformAlign.swift */,
				45C8F2051F18B279001A6558 /* TransformAspectMode.swift */,
				4579CD3D1F1764A500DCF37A /* TransformBlurMode.swift */,
				452D715E1F17A51B0037E1BB /* TransformColorSpace.swift */,
				455266301F1618E1009537D9 /* TransformCropMode.swift */,
				457D5BEE1F16147E00FBD5B1 /* TransformFit.swift */,
				452D715A1F17A49D0037E1BB /* TransformPageFormat.swift */,
				452D715C1F17A4DB0037E1BB /* TransformPageOrientation.swift */,
				450E433B1F161DE500E46B56 /* TransformPixelateFacesType.swift */,
				457D5BEC1F16146B00FBD5B1 /* TransformPosition.swift */,
			);
			path = Enums;
			sourceTree = "<group>";
		};
		4589A46C1F0A426700C39405 /* Misc */ = {
			isa = PBXGroup;
			children = (
				454CC1C71F0D10D2005821AC /* BundleInfo.swift */,
				4589A4871F0A4B1900C39405 /* Config.swift */,
				45FA0CC71F0B86AD008EDBCD /* Globals.swift */,
			);
			name = Misc;
			sourceTree = "<group>";
		};
		45B830911F03B27A0053742A = {
			isa = PBXGroup;
			children = (
				45B830A61F03B3210053742A /* External Dependencies */,
				45B8309D1F03B27A0053742A /* FilestackSDK */,
				45B8310E1F03D8140053742A /* FilestackSDKTests */,
				45B8309C1F03B27A0053742A /* Products */,
				45E2B7DE1FC3284600448ED2 /* Frameworks */,
			);
			sourceTree = "<group>";
		};
		45B8309C1F03B27A0053742A /* Products */ = {
			isa = PBXGroup;
			children = (
				45B8309B1F03B27A0053742A /* FilestackSDK.framework */,
				45B8310D1F03D8140053742A /* FilestackSDKTests.xctest */,
			);
			name = Products;
			sourceTree = "<group>";
		};
		45B8309D1F03B27A0053742A /* FilestackSDK */ = {
			isa = PBXGroup;
			children = (
				45B8309E1F03B27A0053742A /* FilestackSDK.h */,
				45B8309F1F03B27A0053742A /* Info.plist */,
				457D5BDA1F16144B00FBD5B1 /* Enums */,
				454CC1C91F0D1151005821AC /* Extensions */,
				4589A46C1F0A426700C39405 /* Misc */,
				45B830DE1F03BCF20053742A /* Models */,
				4502F71E1F1F4C28000875D6 /* Operations */,
				45FA0CC91F0B86B6008EDBCD /* Services */,
				452055431F4B192000A6795D /* Transforms */,
			);
			path = FilestackSDK;
			sourceTree = "<group>";
		};
		45B830A61F03B3210053742A /* External Dependencies */ = {
			isa = PBXGroup;
			children = (
				45B830CA1F03BB6D0053742A /* Cartfile */,
				45B830A71F03B3300053742A /* Alamofire.xcodeproj */,
				45E2B7BA1FC3283800448ED2 /* CryptoSwift.xcodeproj */,
				45FA0CA01F0B85C7008EDBCD /* OHHTTPStubs.xcodeproj */,
			);
			name = "External Dependencies";
			sourceTree = "<group>";
		};
		45B830A81F03B3300053742A /* Products */ = {
			isa = PBXGroup;
			children = (
				45B830B31F03B3310053742A /* Alamofire.framework */,
				45B830B51F03B3310053742A /* Alamofire iOS Tests.xctest */,
				45B830B71F03B3310053742A /* Alamofire.framework */,
				45B830B91F03B3310053742A /* Alamofire macOS Tests.xctest */,
				45B830BB1F03B3310053742A /* Alamofire.framework */,
				45B830BD1F03B3310053742A /* Alamofire tvOS Tests.xctest */,
				45B830BF1F03B3310053742A /* Alamofire.framework */,
			);
			name = Products;
			sourceTree = "<group>";
		};
		45B830DE1F03BCF20053742A /* Models */ = {
			isa = PBXGroup;
			children = (
				45B831211F03F1C90053742A /* Client.swift */,
				4589A4891F0A4DA600C39405 /* FileLink.swift */,
				45107C8B1F4D6ADC00250ABE /* MultipartUpload.swift */,
				BCDB405120A9A87C00148136 /* MultifileUpload.swift */,
				45F9B8C51F0BA02F00E04380 /* NetworkDataResponse.swift */,
				454CC1AC1F0CD8D5005821AC /* NetworkDownloadResponse.swift */,
				4548CA481F1CBE58009FDBEF /* NetworkJSONResponse.swift */,
				45B830E01F03BCF20053742A /* Policy.swift */,
				45B830E11F03BCF20053742A /* Security.swift */,
				4512EB801FA7655F003A8C38 /* StorageOptions.swift */,
				45C9E93A1F137EB200260F2A /* Transformable.swift */,
			);
			path = Models;
			sourceTree = "<group>";
		};
		45B8310E1F03D8140053742A /* FilestackSDKTests */ = {
			isa = PBXGroup;
			children = (
				45B831111F03D8140053742A /* Info.plist */,
				45B831231F03F4300053742A /* ClientTests.swift */,
				4589A48B1F0A4DBC00C39405 /* FileLinkTests.swift */,
				45107C9F1F4D6B0E00250ABE /* MultipartUploadTests.swift */,
				45C3BB251F0E9B3500856883 /* NetworkingServiceTest.swift */,
				45B831181F03DA280053742A /* PolicyTests.swift */,
				45B8311D1F03E2890053742A /* SecurityTests.swift */,
				45B8311F1F03E52B0053742A /* Seeds.swift */,
				454CC1C51F0CF932005821AC /* SessionManagerTests.swift */,
				45C9E94D1F1384B200260F2A /* TransformableTests.swift */,
				45341A9F1F1E17C400DC7B79 /* URLMimeTypeTests.swift */,
				458256161F1E1D330009185C /* URLSizeTests.swift */,
				45FA0CCE1F0B8841008EDBCD /* Fixtures */,
			);
			path = FilestackSDKTests;
			sourceTree = "<group>";
		};
		45E2B7BB1FC3283800448ED2 /* Products */ = {
			isa = PBXGroup;
			children = (
				45E2B7D41FC3283800448ED2 /* CryptoSwift.framework */,
				BC8832A520D1771E00B88EAF /* CryptoSwift-TestHostApp.app */,
				45E2B7D61FC3283800448ED2 /* Tests.xctest */,
				BC8832A720D1771E00B88EAF /* TestsPerformance-Mac.xctest */,
				BC8832A920D1771E00B88EAF /* TestsPerformance-iOS.xctest */,
			);
			name = Products;
			sourceTree = "<group>";
		};
		45E2B7DE1FC3284600448ED2 /* Frameworks */ = {
			isa = PBXGroup;
			children = (
			);
			name = Frameworks;
			sourceTree = "<group>";
		};
		45FA0CA11F0B85C7008EDBCD /* Products */ = {
			isa = PBXGroup;
			children = (
				45FA0CB31F0B85C7008EDBCD /* libOHHTTPStubs.a */,
				45FA0CB51F0B85C7008EDBCD /* OHHTTPStubs iOS Lib Tests.xctest */,
				45FA0CB71F0B85C7008EDBCD /* OHHTTPStubs.framework */,
				45FA0CB91F0B85C7008EDBCD /* OHHTTPStubs iOS Fmk Tests.xctest */,
				45FA0CBB1F0B85C7008EDBCD /* OHHTTPStubs.framework */,
				45FA0CBD1F0B85C7008EDBCD /* OHHTTPStubs Mac Tests.xctest */,
				45FA0CBF1F0B85C7008EDBCD /* OHHTTPStubs.framework */,
				45FA0CC11F0B85C7008EDBCD /* OHHTTPStubs tvOS Fmk Tests.xctest */,
			);
			name = Products;
			sourceTree = "<group>";
		};
		45FA0CC91F0B86B6008EDBCD /* Services */ = {
			isa = PBXGroup;
			children = (
				45513FF91F0E9739006DB972 /* APIService.swift */,
				45FA0CCB1F0B86B6008EDBCD /* CDNService.swift */,
				4551400C1F0E97E2006DB972 /* NetworkingService.swift */,
				45991FA31F14C1DD0042A279 /* ProcessService.swift */,
				4502F7361F1F540F000875D6 /* UploadService.swift */,
			);
			path = Services;
			sourceTree = "<group>";
		};
		45FA0CCE1F0B8841008EDBCD /* Fixtures */ = {
			isa = PBXGroup;
			children = (
				456FF4C21F27902500E9F192 /* large.jpg */,
				45F9B8C31F0B941300E04380 /* sample.jpg */,
			);
			name = Fixtures;
			sourceTree = "<group>";
		};
/* End PBXGroup section */

/* Begin PBXHeadersBuildPhase section */
		45B830981F03B27A0053742A /* Headers */ = {
			isa = PBXHeadersBuildPhase;
			buildActionMask = 2147483647;
			files = (
				45B830A01F03B27A0053742A /* FilestackSDK.h in Headers */,
				452055401F4AE87D00A6795D /* FSPolicyCall.h in Headers */,
				458D66ED1F4B5020001770FB /* FSTransformPosition.h in Headers */,
				458D66F11F4B5A81001770FB /* FSMetadataOptions.h in Headers */,
			);
			runOnlyForDeploymentPostprocessing = 0;
		};
/* End PBXHeadersBuildPhase section */

/* Begin PBXNativeTarget section */
		45B8309A1F03B27A0053742A /* FilestackSDK */ = {
			isa = PBXNativeTarget;
			buildConfigurationList = 45B830A31F03B27A0053742A /* Build configuration list for PBXNativeTarget "FilestackSDK" */;
			buildPhases = (
				45B830961F03B27A0053742A /* Sources */,
				45B830971F03B27A0053742A /* Frameworks */,
				45B830981F03B27A0053742A /* Headers */,
				45B830991F03B27A0053742A /* Resources */,
				454CC1C11F0CEEA5005821AC /* Set Version and Build Number */,
			);
			buildRules = (
			);
			dependencies = (
				45E2B7E11FC3286D00448ED2 /* PBXTargetDependency */,
				45B830C11F03B3380053742A /* PBXTargetDependency */,
			);
			name = FilestackSDK;
			productName = FilestackSDK;
			productReference = 45B8309B1F03B27A0053742A /* FilestackSDK.framework */;
			productType = "com.apple.product-type.framework";
		};
		45B8310C1F03D8140053742A /* FilestackSDKTests */ = {
			isa = PBXNativeTarget;
			buildConfigurationList = 45B831151F03D8140053742A /* Build configuration list for PBXNativeTarget "FilestackSDKTests" */;
			buildPhases = (
				45B831091F03D8140053742A /* Sources */,
				45B8310A1F03D8140053742A /* Frameworks */,
				45B8310B1F03D8140053742A /* Resources */,
			);
			buildRules = (
			);
			dependencies = (
				45FA0CC61F0B85DA008EDBCD /* PBXTargetDependency */,
				45B831141F03D8140053742A /* PBXTargetDependency */,
			);
			name = FilestackSDKTests;
			productName = FilestackSDKTests;
			productReference = 45B8310D1F03D8140053742A /* FilestackSDKTests.xctest */;
			productType = "com.apple.product-type.bundle.unit-test";
		};
/* End PBXNativeTarget section */

/* Begin PBXProject section */
		45B830921F03B27A0053742A /* Project object */ = {
			isa = PBXProject;
			attributes = {
				LastSwiftUpdateCheck = 0830;
				LastUpgradeCheck = 0900;
				ORGANIZATIONNAME = Filestack;
				TargetAttributes = {
					45B8309A1F03B27A0053742A = {
						CreatedOnToolsVersion = 8.3.3;
						LastSwiftMigration = 0830;
						ProvisioningStyle = Automatic;
					};
					45B8310C1F03D8140053742A = {
						CreatedOnToolsVersion = 8.3.3;
						LastSwiftMigration = 0920;
						ProvisioningStyle = Automatic;
					};
				};
			};
			buildConfigurationList = 45B830951F03B27A0053742A /* Build configuration list for PBXProject "FilestackSDK" */;
			compatibilityVersion = "Xcode 3.2";
			developmentRegion = English;
			hasScannedForEncodings = 0;
			knownRegions = (
				en,
			);
			mainGroup = 45B830911F03B27A0053742A;
			productRefGroup = 45B8309C1F03B27A0053742A /* Products */;
			projectDirPath = "";
			projectReferences = (
				{
					ProductGroup = 45B830A81F03B3300053742A /* Products */;
					ProjectRef = 45B830A71F03B3300053742A /* Alamofire.xcodeproj */;
				},
				{
					ProductGroup = 45E2B7BB1FC3283800448ED2 /* Products */;
					ProjectRef = 45E2B7BA1FC3283800448ED2 /* CryptoSwift.xcodeproj */;
				},
				{
					ProductGroup = 45FA0CA11F0B85C7008EDBCD /* Products */;
					ProjectRef = 45FA0CA01F0B85C7008EDBCD /* OHHTTPStubs.xcodeproj */;
				},
			);
			projectRoot = "";
			targets = (
				45B8309A1F03B27A0053742A /* FilestackSDK */,
				45B8310C1F03D8140053742A /* FilestackSDKTests */,
			);
		};
/* End PBXProject section */

/* Begin PBXReferenceProxy section */
		45B830B31F03B3310053742A /* Alamofire.framework */ = {
			isa = PBXReferenceProxy;
			fileType = wrapper.framework;
			path = Alamofire.framework;
			remoteRef = 45B830B21F03B3310053742A /* PBXContainerItemProxy */;
			sourceTree = BUILT_PRODUCTS_DIR;
		};
		45B830B51F03B3310053742A /* Alamofire iOS Tests.xctest */ = {
			isa = PBXReferenceProxy;
			fileType = wrapper.cfbundle;
			path = "Alamofire iOS Tests.xctest";
			remoteRef = 45B830B41F03B3310053742A /* PBXContainerItemProxy */;
			sourceTree = BUILT_PRODUCTS_DIR;
		};
		45B830B71F03B3310053742A /* Alamofire.framework */ = {
			isa = PBXReferenceProxy;
			fileType = wrapper.framework;
			path = Alamofire.framework;
			remoteRef = 45B830B61F03B3310053742A /* PBXContainerItemProxy */;
			sourceTree = BUILT_PRODUCTS_DIR;
		};
		45B830B91F03B3310053742A /* Alamofire macOS Tests.xctest */ = {
			isa = PBXReferenceProxy;
			fileType = wrapper.cfbundle;
			path = "Alamofire macOS Tests.xctest";
			remoteRef = 45B830B81F03B3310053742A /* PBXContainerItemProxy */;
			sourceTree = BUILT_PRODUCTS_DIR;
		};
		45B830BB1F03B3310053742A /* Alamofire.framework */ = {
			isa = PBXReferenceProxy;
			fileType = wrapper.framework;
			path = Alamofire.framework;
			remoteRef = 45B830BA1F03B3310053742A /* PBXContainerItemProxy */;
			sourceTree = BUILT_PRODUCTS_DIR;
		};
		45B830BD1F03B3310053742A /* Alamofire tvOS Tests.xctest */ = {
			isa = PBXReferenceProxy;
			fileType = wrapper.cfbundle;
			path = "Alamofire tvOS Tests.xctest";
			remoteRef = 45B830BC1F03B3310053742A /* PBXContainerItemProxy */;
			sourceTree = BUILT_PRODUCTS_DIR;
		};
		45B830BF1F03B3310053742A /* Alamofire.framework */ = {
			isa = PBXReferenceProxy;
			fileType = wrapper.framework;
			path = Alamofire.framework;
			remoteRef = 45B830BE1F03B3310053742A /* PBXContainerItemProxy */;
			sourceTree = BUILT_PRODUCTS_DIR;
		};
		45E2B7D41FC3283800448ED2 /* CryptoSwift.framework */ = {
			isa = PBXReferenceProxy;
			fileType = wrapper.framework;
			path = CryptoSwift.framework;
			remoteRef = 45E2B7D31FC3283800448ED2 /* PBXContainerItemProxy */;
			sourceTree = BUILT_PRODUCTS_DIR;
		};
		45E2B7D61FC3283800448ED2 /* Tests.xctest */ = {
			isa = PBXReferenceProxy;
			fileType = wrapper.cfbundle;
			path = Tests.xctest;
			remoteRef = 45E2B7D51FC3283800448ED2 /* PBXContainerItemProxy */;
			sourceTree = BUILT_PRODUCTS_DIR;
		};
		45FA0CB31F0B85C7008EDBCD /* libOHHTTPStubs.a */ = {
			isa = PBXReferenceProxy;
			fileType = archive.ar;
			path = libOHHTTPStubs.a;
			remoteRef = 45FA0CB21F0B85C7008EDBCD /* PBXContainerItemProxy */;
			sourceTree = BUILT_PRODUCTS_DIR;
		};
		45FA0CB51F0B85C7008EDBCD /* OHHTTPStubs iOS Lib Tests.xctest */ = {
			isa = PBXReferenceProxy;
			fileType = wrapper.cfbundle;
			path = "OHHTTPStubs iOS Lib Tests.xctest";
			remoteRef = 45FA0CB41F0B85C7008EDBCD /* PBXContainerItemProxy */;
			sourceTree = BUILT_PRODUCTS_DIR;
		};
		45FA0CB71F0B85C7008EDBCD /* OHHTTPStubs.framework */ = {
			isa = PBXReferenceProxy;
			fileType = wrapper.framework;
			path = OHHTTPStubs.framework;
			remoteRef = 45FA0CB61F0B85C7008EDBCD /* PBXContainerItemProxy */;
			sourceTree = BUILT_PRODUCTS_DIR;
		};
		45FA0CB91F0B85C7008EDBCD /* OHHTTPStubs iOS Fmk Tests.xctest */ = {
			isa = PBXReferenceProxy;
			fileType = wrapper.cfbundle;
			path = "OHHTTPStubs iOS Fmk Tests.xctest";
			remoteRef = 45FA0CB81F0B85C7008EDBCD /* PBXContainerItemProxy */;
			sourceTree = BUILT_PRODUCTS_DIR;
		};
		45FA0CBB1F0B85C7008EDBCD /* OHHTTPStubs.framework */ = {
			isa = PBXReferenceProxy;
			fileType = wrapper.framework;
			path = OHHTTPStubs.framework;
			remoteRef = 45FA0CBA1F0B85C7008EDBCD /* PBXContainerItemProxy */;
			sourceTree = BUILT_PRODUCTS_DIR;
		};
		45FA0CBD1F0B85C7008EDBCD /* OHHTTPStubs Mac Tests.xctest */ = {
			isa = PBXReferenceProxy;
			fileType = wrapper.cfbundle;
			path = "OHHTTPStubs Mac Tests.xctest";
			remoteRef = 45FA0CBC1F0B85C7008EDBCD /* PBXContainerItemProxy */;
			sourceTree = BUILT_PRODUCTS_DIR;
		};
		45FA0CBF1F0B85C7008EDBCD /* OHHTTPStubs.framework */ = {
			isa = PBXReferenceProxy;
			fileType = wrapper.framework;
			path = OHHTTPStubs.framework;
			remoteRef = 45FA0CBE1F0B85C7008EDBCD /* PBXContainerItemProxy */;
			sourceTree = BUILT_PRODUCTS_DIR;
		};
		45FA0CC11F0B85C7008EDBCD /* OHHTTPStubs tvOS Fmk Tests.xctest */ = {
			isa = PBXReferenceProxy;
			fileType = wrapper.cfbundle;
			path = "OHHTTPStubs tvOS Fmk Tests.xctest";
			remoteRef = 45FA0CC01F0B85C7008EDBCD /* PBXContainerItemProxy */;
			sourceTree = BUILT_PRODUCTS_DIR;
		};
		BC8832A520D1771E00B88EAF /* CryptoSwift-TestHostApp.app */ = {
			isa = PBXReferenceProxy;
			fileType = wrapper.application;
			path = "CryptoSwift-TestHostApp.app";
			remoteRef = BC8832A420D1771E00B88EAF /* PBXContainerItemProxy */;
			sourceTree = BUILT_PRODUCTS_DIR;
		};
		BC8832A720D1771E00B88EAF /* TestsPerformance-Mac.xctest */ = {
			isa = PBXReferenceProxy;
			fileType = wrapper.cfbundle;
			path = "TestsPerformance-Mac.xctest";
			remoteRef = BC8832A620D1771E00B88EAF /* PBXContainerItemProxy */;
			sourceTree = BUILT_PRODUCTS_DIR;
		};
		BC8832A920D1771E00B88EAF /* TestsPerformance-iOS.xctest */ = {
			isa = PBXReferenceProxy;
			fileType = wrapper.cfbundle;
			path = "TestsPerformance-iOS.xctest";
			remoteRef = BC8832A820D1771E00B88EAF /* PBXContainerItemProxy */;
			sourceTree = BUILT_PRODUCTS_DIR;
		};
/* End PBXReferenceProxy section */

/* Begin PBXResourcesBuildPhase section */
		45B830991F03B27A0053742A /* Resources */ = {
			isa = PBXResourcesBuildPhase;
			buildActionMask = 2147483647;
			files = (
				45B830CB1F03BB6D0053742A /* Cartfile in Resources */,
			);
			runOnlyForDeploymentPostprocessing = 0;
		};
		45B8310B1F03D8140053742A /* Resources */ = {
			isa = PBXResourcesBuildPhase;
			buildActionMask = 2147483647;
			files = (
				45F9B8C41F0B941300E04380 /* sample.jpg in Resources */,
				456FF4C31F2790C800E9F192 /* large.jpg in Resources */,
			);
			runOnlyForDeploymentPostprocessing = 0;
		};
/* End PBXResourcesBuildPhase section */

/* Begin PBXShellScriptBuildPhase section */
		454CC1C11F0CEEA5005821AC /* Set Version and Build Number */ = {
			isa = PBXShellScriptBuildPhase;
			buildActionMask = 2147483647;
			files = (
			);
			inputPaths = (
			);
			name = "Set Version and Build Number";
			outputPaths = (
			);
			runOnlyForDeploymentPostprocessing = 0;
			shellPath = /bin/sh;
			shellScript = "$SRCROOT/bin/set-buildnumber.sh\n$SRCROOT/bin/set-version.sh";
		};
/* End PBXShellScriptBuildPhase section */

/* Begin PBXSourcesBuildPhase section */
		45B830961F03B27A0053742A /* Sources */ = {
			isa = PBXSourcesBuildPhase;
			buildActionMask = 2147483647;
			files = (
				452055471F4B266F00A6795D /* ResizeTransform.swift in Sources */,
				458D66CD1F4B31E4001770FB /* ZipTransform.swift in Sources */,
				458D66DD1F4B3D9E001770FB /* BorderTransform.swift in Sources */,
				4551400D1F0E97E2006DB972 /* NetworkingService.swift in Sources */,
				458256151F1E1C860009185C /* URL+size.swift in Sources */,
				45F9B8C61F0BA02F00E04380 /* NetworkDataResponse.swift in Sources */,
				458D66D11F4B337B001770FB /* RoundCornersTransform.swift in Sources */,
				458D66C51F4B2E75001770FB /* FlipTransform.swift in Sources */,
				45B830E31F03BCF20053742A /* Policy.swift in Sources */,
				450E433C1F161DE500E46B56 /* TransformPixelateFacesType.swift in Sources */,
				452055421F4B191900A6795D /* RotateTransform.swift in Sources */,
				4589A48A1F0A4DA600C39405 /* FileLink.swift in Sources */,
				45C8F2061F18B279001A6558 /* TransformAspectMode.swift in Sources */,
				458D66CF1F4B3254001770FB /* NoMetadataTransform.swift in Sources */,
				458D66E51F4B408B001770FB /* SepiaTransform.swift in Sources */,
				4502F7371F1F540F000875D6 /* UploadService.swift in Sources */,
				459E61EE1F31BBEF00237EA1 /* MultipartuploadSubmitChunkOperation.swift in Sources */,
				4589A45F1F0A3B5500C39405 /* StorageLocation.swift in Sources */,
				45C9E93B1F137EB200260F2A /* Transformable.swift in Sources */,
				457D5BF11F1614A800FBD5B1 /* TransformAlign.swift in Sources */,
				45107C8C1F4D6ADC00250ABE /* MultipartUpload.swift in Sources */,
				456FF4C11F27799D00E9F192 /* MultipartUploadCompleteOperation.swift in Sources */,
				458D66C71F4B2E8D001770FB /* FlopTransform.swift in Sources */,
				4579CD3E1F1764A500DCF37A /* TransformBlurMode.swift in Sources */,
				458D66DB1F4B3D07001770FB /* CircleTransform.swift in Sources */,
				458D66D91F4B3B9D001770FB /* ShadowTransform.swift in Sources */,
				45C8F2081F18B3AF001A6558 /* StorageAccess.swift in Sources */,
				458D66C11F4B2E4C001770FB /* CropTransform.swift in Sources */,
				458D66E11F4B3F12001770FB /* BlurTransform.swift in Sources */,
				45B830E41F03BCF20053742A /* Security.swift in Sources */,
				458D66C41F4B2E75001770FB /* DetectFacesTransform.swift in Sources */,
				4528C7461F2F24FB00A4BEF6 /* MultipartUploadCommitOperation.swift in Sources */,
				4502F7311F1F4C3A000875D6 /* MultipartUploadStartOperation.swift in Sources */,
				457D5BED1F16146B00FBD5B1 /* TransformPosition.swift in Sources */,
				457D5BF31F1614D400FBD5B1 /* PolicyCall.swift in Sources */,
				452055451F4B263B00A6795D /* Transform.swift in Sources */,
				454CC1AD1F0CD8D5005821AC /* NetworkDownloadResponse.swift in Sources */,
				458D66E31F4B3FEF001770FB /* BlackAndWhiteTransform.swift in Sources */,
				BC88329820D1771E00B88EAF /* BlurFacesTransform.swift in Sources */,
				458D66D51F4B3812001770FB /* PolaroidTransform.swift in Sources */,
				45965C6B1F20C47B005689BA /* MultipartUploadSubmitPartOperation.swift in Sources */,
				45050F4C1F2B49C100B4E3C3 /* Data+Base64MD5Digest.swift in Sources */,
				455266311F1618E1009537D9 /* TransformCropMode.swift in Sources */,
				452D715D1F17A4DB0037E1BB /* TransformPageOrientation.swift in Sources */,
				458D66DF1F4B3E7C001770FB /* SharpenTransform.swift in Sources */,
				45FA0CC81F0B86AD008EDBCD /* Globals.swift in Sources */,
				452D715F1F17A51B0037E1BB /* TransformColorSpace.swift in Sources */,
				454CC1C81F0D10D2005821AC /* BundleInfo.swift in Sources */,
				BCDB405220A9A87C00148136 /* MultifileUpload.swift in Sources */,
				45341A8D1F1E170C00DC7B79 /* URL+mimeType.swift in Sources */,
				45513FFA1F0E9739006DB972 /* APIService.swift in Sources */,
				4548CA491F1CBE58009FDBEF /* NetworkJSONResponse.swift in Sources */,
				45FA0CCD1F0B86B6008EDBCD /* CDNService.swift in Sources */,
				458D66EF1F4B5079001770FB /* WatermarkTransform.swift in Sources */,
				4512EB811FA7655F003A8C38 /* StorageOptions.swift in Sources */,
				458D66EB1F4B468F001770FB /* AVTransform.swift in Sources */,
				454CC1CB1F0D1160005821AC /* SessionManager+filestackDefault.swift in Sources */,
				458D66D31F4B34D4001770FB /* VignetteTransform.swift in Sources */,
				45D99F2F1F14EDD400CE709F /* UIColor+hexString.swift in Sources */,
				458D66E71F4B4142001770FB /* QualityTransform.swift in Sources */,
				4502F7331F1F4D20000875D6 /* BaseOperation.swift in Sources */,
				4589A4881F0A4B1900C39405 /* Config.swift in Sources */,
				458D66C01F4B2E4C001770FB /* CropFacesTransform.swift in Sources */,
				45991FA41F14C1DD0042A279 /* ProcessService.swift in Sources */,
				457D5BEF1F16147E00FBD5B1 /* TransformFit.swift in Sources */,
				458D66CB1F4B318B001770FB /* MonochromeTransform.swift in Sources */,
				452D715B1F17A49D0037E1BB /* TransformPageFormat.swift in Sources */,
				458D66C91F4B2EC9001770FB /* PixelateFacesTransform.swift in Sources */,
				45B831221F03F1C90053742A /* Client.swift in Sources */,
				458D66D71F4B3923001770FB /* TornEdgesTransform.swift in Sources */,
				45C3EA0F1F262ED30003598D /* MetadataOptions.swift in Sources */,
				458D66E91F4B425A001770FB /* ConvertTransform.swift in Sources */,
			);
			runOnlyForDeploymentPostprocessing = 0;
		};
		45B831091F03D8140053742A /* Sources */ = {
			isa = PBXSourcesBuildPhase;
			buildActionMask = 2147483647;
			files = (
				45B831191F03DA280053742A /* PolicyTests.swift in Sources */,
				4589A48C1F0A4DBC00C39405 /* FileLinkTests.swift in Sources */,
				458256171F1E1D330009185C /* URLSizeTests.swift in Sources */,
				45C3BB261F0E9B3500856883 /* NetworkingServiceTest.swift in Sources */,
				454CC1C61F0CF932005821AC /* SessionManagerTests.swift in Sources */,
				45B8311E1F03E2890053742A /* SecurityTests.swift in Sources */,
				45341AA01F1E17C400DC7B79 /* URLMimeTypeTests.swift in Sources */,
				45107CA01F4D6B0E00250ABE /* MultipartUploadTests.swift in Sources */,
				45B831241F03F4300053742A /* ClientTests.swift in Sources */,
				45C9E94E1F1384B200260F2A /* TransformableTests.swift in Sources */,
				45B831201F03E52B0053742A /* Seeds.swift in Sources */,
			);
			runOnlyForDeploymentPostprocessing = 0;
		};
/* End PBXSourcesBuildPhase section */

/* Begin PBXTargetDependency section */
		45B830C11F03B3380053742A /* PBXTargetDependency */ = {
			isa = PBXTargetDependency;
			name = "Alamofire iOS";
			targetProxy = 45B830C01F03B3380053742A /* PBXContainerItemProxy */;
		};
		45B831141F03D8140053742A /* PBXTargetDependency */ = {
			isa = PBXTargetDependency;
			target = 45B8309A1F03B27A0053742A /* FilestackSDK */;
			targetProxy = 45B831131F03D8140053742A /* PBXContainerItemProxy */;
		};
		45E2B7E11FC3286D00448ED2 /* PBXTargetDependency */ = {
			isa = PBXTargetDependency;
			name = CryptoSwift;
			targetProxy = 45E2B7E01FC3286D00448ED2 /* PBXContainerItemProxy */;
		};
		45FA0CC61F0B85DA008EDBCD /* PBXTargetDependency */ = {
			isa = PBXTargetDependency;
			name = "OHHTTPStubs iOS Framework";
			targetProxy = 45FA0CC51F0B85DA008EDBCD /* PBXContainerItemProxy */;
		};
/* End PBXTargetDependency section */

/* Begin XCBuildConfiguration section */
		45B830A11F03B27A0053742A /* Debug */ = {
			isa = XCBuildConfiguration;
			buildSettings = {
				ALWAYS_SEARCH_USER_PATHS = NO;
				CLANG_ANALYZER_NONNULL = YES;
				CLANG_ANALYZER_NUMBER_OBJECT_CONVERSION = YES_AGGRESSIVE;
				CLANG_CXX_LANGUAGE_STANDARD = "gnu++0x";
				CLANG_CXX_LIBRARY = "libc++";
				CLANG_ENABLE_MODULES = YES;
				CLANG_ENABLE_OBJC_ARC = YES;
				CLANG_WARN_BLOCK_CAPTURE_AUTORELEASING = YES;
				CLANG_WARN_BOOL_CONVERSION = YES;
				CLANG_WARN_COMMA = YES;
				CLANG_WARN_CONSTANT_CONVERSION = YES;
				CLANG_WARN_DIRECT_OBJC_ISA_USAGE = YES_ERROR;
				CLANG_WARN_DOCUMENTATION_COMMENTS = YES;
				CLANG_WARN_EMPTY_BODY = YES;
				CLANG_WARN_ENUM_CONVERSION = YES;
				CLANG_WARN_INFINITE_RECURSION = YES;
				CLANG_WARN_INT_CONVERSION = YES;
				CLANG_WARN_NON_LITERAL_NULL_CONVERSION = YES;
				CLANG_WARN_OBJC_LITERAL_CONVERSION = YES;
				CLANG_WARN_OBJC_ROOT_CLASS = YES_ERROR;
				CLANG_WARN_RANGE_LOOP_ANALYSIS = YES;
				CLANG_WARN_STRICT_PROTOTYPES = YES;
				CLANG_WARN_SUSPICIOUS_MOVE = YES;
				CLANG_WARN_UNREACHABLE_CODE = YES;
				CLANG_WARN__DUPLICATE_METHOD_MATCH = YES;
				"CODE_SIGN_IDENTITY[sdk=iphoneos*]" = "iPhone Developer";
				COPY_PHASE_STRIP = NO;
				CURRENT_PROJECT_VERSION = 1;
				DEBUG_INFORMATION_FORMAT = dwarf;
				ENABLE_STRICT_OBJC_MSGSEND = YES;
				ENABLE_TESTABILITY = YES;
				GCC_C_LANGUAGE_STANDARD = gnu99;
				GCC_DYNAMIC_NO_PIC = NO;
				GCC_NO_COMMON_BLOCKS = YES;
				GCC_OPTIMIZATION_LEVEL = 0;
				GCC_PREPROCESSOR_DEFINITIONS = (
					"DEBUG=1",
					"$(inherited)",
				);
				GCC_WARN_64_TO_32_BIT_CONVERSION = YES;
				GCC_WARN_ABOUT_RETURN_TYPE = YES_ERROR;
				GCC_WARN_UNDECLARED_SELECTOR = YES;
				GCC_WARN_UNINITIALIZED_AUTOS = YES_AGGRESSIVE;
				GCC_WARN_UNUSED_FUNCTION = YES;
				GCC_WARN_UNUSED_VARIABLE = YES;
				IPHONEOS_DEPLOYMENT_TARGET = 9.0;
				MTL_ENABLE_DEBUG_INFO = YES;
				ONLY_ACTIVE_ARCH = YES;
				SDKROOT = iphoneos;
				SWIFT_ACTIVE_COMPILATION_CONDITIONS = DEBUG;
				SWIFT_OPTIMIZATION_LEVEL = "-Onone";
				TARGETED_DEVICE_FAMILY = "1,2";
				VERSIONING_SYSTEM = "apple-generic";
				VERSION_INFO_PREFIX = "";
			};
			name = Debug;
		};
		45B830A21F03B27A0053742A /* Release */ = {
			isa = XCBuildConfiguration;
			buildSettings = {
				ALWAYS_SEARCH_USER_PATHS = NO;
				CLANG_ANALYZER_NONNULL = YES;
				CLANG_ANALYZER_NUMBER_OBJECT_CONVERSION = YES_AGGRESSIVE;
				CLANG_CXX_LANGUAGE_STANDARD = "gnu++0x";
				CLANG_CXX_LIBRARY = "libc++";
				CLANG_ENABLE_MODULES = YES;
				CLANG_ENABLE_OBJC_ARC = YES;
				CLANG_WARN_BLOCK_CAPTURE_AUTORELEASING = YES;
				CLANG_WARN_BOOL_CONVERSION = YES;
				CLANG_WARN_COMMA = YES;
				CLANG_WARN_CONSTANT_CONVERSION = YES;
				CLANG_WARN_DIRECT_OBJC_ISA_USAGE = YES_ERROR;
				CLANG_WARN_DOCUMENTATION_COMMENTS = YES;
				CLANG_WARN_EMPTY_BODY = YES;
				CLANG_WARN_ENUM_CONVERSION = YES;
				CLANG_WARN_INFINITE_RECURSION = YES;
				CLANG_WARN_INT_CONVERSION = YES;
				CLANG_WARN_NON_LITERAL_NULL_CONVERSION = YES;
				CLANG_WARN_OBJC_LITERAL_CONVERSION = YES;
				CLANG_WARN_OBJC_ROOT_CLASS = YES_ERROR;
				CLANG_WARN_RANGE_LOOP_ANALYSIS = YES;
				CLANG_WARN_STRICT_PROTOTYPES = YES;
				CLANG_WARN_SUSPICIOUS_MOVE = YES;
				CLANG_WARN_UNREACHABLE_CODE = YES;
				CLANG_WARN__DUPLICATE_METHOD_MATCH = YES;
				"CODE_SIGN_IDENTITY[sdk=iphoneos*]" = "iPhone Developer";
				COPY_PHASE_STRIP = NO;
				CURRENT_PROJECT_VERSION = 1;
				DEBUG_INFORMATION_FORMAT = "dwarf-with-dsym";
				ENABLE_NS_ASSERTIONS = NO;
				ENABLE_STRICT_OBJC_MSGSEND = YES;
				GCC_C_LANGUAGE_STANDARD = gnu99;
				GCC_NO_COMMON_BLOCKS = YES;
				GCC_WARN_64_TO_32_BIT_CONVERSION = YES;
				GCC_WARN_ABOUT_RETURN_TYPE = YES_ERROR;
				GCC_WARN_UNDECLARED_SELECTOR = YES;
				GCC_WARN_UNINITIALIZED_AUTOS = YES_AGGRESSIVE;
				GCC_WARN_UNUSED_FUNCTION = YES;
				GCC_WARN_UNUSED_VARIABLE = YES;
				IPHONEOS_DEPLOYMENT_TARGET = 9.0;
				MTL_ENABLE_DEBUG_INFO = NO;
				SDKROOT = iphoneos;
				SWIFT_OPTIMIZATION_LEVEL = "-Owholemodule";
				TARGETED_DEVICE_FAMILY = "1,2";
				VALIDATE_PRODUCT = YES;
				VERSIONING_SYSTEM = "apple-generic";
				VERSION_INFO_PREFIX = "";
			};
			name = Release;
		};
		45B830A41F03B27A0053742A /* Debug */ = {
			isa = XCBuildConfiguration;
			buildSettings = {
				CLANG_ENABLE_MODULES = YES;
				CODE_SIGN_IDENTITY = "";
				DEFINES_MODULE = YES;
				DYLIB_COMPATIBILITY_VERSION = 1;
				DYLIB_CURRENT_VERSION = 1;
				DYLIB_INSTALL_NAME_BASE = "@rpath";
				INFOPLIST_FILE = FilestackSDK/Info.plist;
				INSTALL_PATH = "$(LOCAL_LIBRARY_DIR)/Frameworks";
				IPHONEOS_DEPLOYMENT_TARGET = 9.0;
				LD_RUNPATH_SEARCH_PATHS = "$(inherited) @executable_path/Frameworks @loader_path/Frameworks";
				LLVM_LTO = YES_THIN;
				PRODUCT_BUNDLE_IDENTIFIER = com.filestack.FilestackSDK;
				PRODUCT_NAME = "$(TARGET_NAME)";
				SKIP_INSTALL = YES;
				SWIFT_OPTIMIZATION_LEVEL = "-Onone";
				SWIFT_VERSION = 4.0;
			};
			name = Debug;
		};
		45B830A51F03B27A0053742A /* Release */ = {
			isa = XCBuildConfiguration;
			buildSettings = {
				CLANG_ENABLE_MODULES = YES;
				CODE_SIGN_IDENTITY = "";
				DEFINES_MODULE = YES;
				DYLIB_COMPATIBILITY_VERSION = 1;
				DYLIB_CURRENT_VERSION = 1;
				DYLIB_INSTALL_NAME_BASE = "@rpath";
				INFOPLIST_FILE = FilestackSDK/Info.plist;
				INSTALL_PATH = "$(LOCAL_LIBRARY_DIR)/Frameworks";
				IPHONEOS_DEPLOYMENT_TARGET = 9.0;
				LD_RUNPATH_SEARCH_PATHS = "$(inherited) @executable_path/Frameworks @loader_path/Frameworks";
				LLVM_LTO = YES_THIN;
				PRODUCT_BUNDLE_IDENTIFIER = com.filestack.FilestackSDK;
				PRODUCT_NAME = "$(TARGET_NAME)";
				SKIP_INSTALL = YES;
				SWIFT_VERSION = 4.0;
			};
			name = Release;
		};
		45B831161F03D8140053742A /* Debug */ = {
			isa = XCBuildConfiguration;
			buildSettings = {
				DEVELOPMENT_TEAM = "";
				INFOPLIST_FILE = FilestackSDKTests/Info.plist;
				LD_RUNPATH_SEARCH_PATHS = "$(inherited) @executable_path/Frameworks @loader_path/Frameworks";
				PRODUCT_BUNDLE_IDENTIFIER = com.filestack.FilestackSDKTests;
				PRODUCT_NAME = "$(TARGET_NAME)";
				SWIFT_SWIFT3_OBJC_INFERENCE = On;
				SWIFT_VERSION = 4.0;
			};
			name = Debug;
		};
		45B831171F03D8140053742A /* Release */ = {
			isa = XCBuildConfiguration;
			buildSettings = {
				DEVELOPMENT_TEAM = "";
				INFOPLIST_FILE = FilestackSDKTests/Info.plist;
				LD_RUNPATH_SEARCH_PATHS = "$(inherited) @executable_path/Frameworks @loader_path/Frameworks";
				PRODUCT_BUNDLE_IDENTIFIER = com.filestack.FilestackSDKTests;
				PRODUCT_NAME = "$(TARGET_NAME)";
				SWIFT_SWIFT3_OBJC_INFERENCE = On;
				SWIFT_VERSION = 4.0;
			};
			name = Release;
		};
/* End XCBuildConfiguration section */

/* Begin XCConfigurationList section */
		45B830951F03B27A0053742A /* Build configuration list for PBXProject "FilestackSDK" */ = {
			isa = XCConfigurationList;
			buildConfigurations = (
				45B830A11F03B27A0053742A /* Debug */,
				45B830A21F03B27A0053742A /* Release */,
			);
			defaultConfigurationIsVisible = 0;
			defaultConfigurationName = Release;
		};
		45B830A31F03B27A0053742A /* Build configuration list for PBXNativeTarget "FilestackSDK" */ = {
			isa = XCConfigurationList;
			buildConfigurations = (
				45B830A41F03B27A0053742A /* Debug */,
				45B830A51F03B27A0053742A /* Release */,
			);
			defaultConfigurationIsVisible = 0;
			defaultConfigurationName = Release;
		};
		45B831151F03D8140053742A /* Build configuration list for PBXNativeTarget "FilestackSDKTests" */ = {
			isa = XCConfigurationList;
			buildConfigurations = (
				45B831161F03D8140053742A /* Debug */,
				45B831171F03D8140053742A /* Release */,
			);
			defaultConfigurationIsVisible = 0;
			defaultConfigurationName = Release;
		};
/* End XCConfigurationList section */
	};
	rootObject = 45B830921F03B27A0053742A /* Project object */;
}
